<?xml version="1.0" encoding="utf-8"?>
<Project ToolsVersion="16.0" xmlns="http://schemas.microsoft.com/developer/msbuild/2003">
  <ItemGroup>
    <ClCompile Include="D:\Dev\obs-studio\plugins\obs-filters\obs-filters.c">
      <Filter>Source Files</Filter>
    </ClCompile>
    <ClCompile Include="D:\Dev\obs-studio\plugins\obs-filters\color-correction-filter.c">
      <Filter>Source Files</Filter>
    </ClCompile>
    <ClCompile Include="D:\Dev\obs-studio\plugins\obs-filters\async-delay-filter.c">
      <Filter>Source Files</Filter>
    </ClCompile>
    <ClCompile Include="D:\Dev\obs-studio\plugins\obs-filters\gpu-delay.c">
      <Filter>Source Files</Filter>
    </ClCompile>
    <ClCompile Include="D:\Dev\obs-studio\plugins\obs-filters\beauty-filter.c">
      <Filter>Source Files</Filter>
    </ClCompile>
    <ClCompile Include="D:\Dev\obs-studio\plugins\obs-filters\crop-filter.c">
      <Filter>Source Files</Filter>
    </ClCompile>
    <ClCompile Include="D:\Dev\obs-studio\plugins\obs-filters\scale-filter.c">
      <Filter>Source Files</Filter>
    </ClCompile>
    <ClCompile Include="D:\Dev\obs-studio\plugins\obs-filters\scroll-filter.c">
      <Filter>Source Files</Filter>
    </ClCompile>
    <ClCompile Include="D:\Dev\obs-studio\plugins\obs-filters\chroma-key-filter.c">
      <Filter>Source Files</Filter>
    </ClCompile>
    <ClCompile Include="D:\Dev\obs-studio\plugins\obs-filters\color-key-filter.c">
      <Filter>Source Files</Filter>
    </ClCompile>
    <ClCompile Include="D:\Dev\obs-studio\plugins\obs-filters\color-grade-filter.c">
      <Filter>Source Files</Filter>
    </ClCompile>
    <ClCompile Include="D:\Dev\obs-studio\plugins\obs-filters\sharpness-filter.c">
      <Filter>Source Files</Filter>
    </ClCompile>
    <ClCompile Include="D:\Dev\obs-studio\plugins\obs-filters\gain-filter.c">
      <Filter>Source Files</Filter>
    </ClCompile>
    <ClCompile Include="D:\Dev\obs-studio\plugins\obs-filters\noise-gate-filter.c">
      <Filter>Source Files</Filter>
    </ClCompile>
    <ClCompile Include="D:\Dev\obs-studio\plugins\obs-filters\mask-filter.c">
      <Filter>Source Files</Filter>
    </ClCompile>
    <ClCompile Include="D:\Dev\obs-studio\plugins\obs-filters\invert-audio-polarity.c">
      <Filter>Source Files</Filter>
    </ClCompile>
    <ClCompile Include="D:\Dev\obs-studio\plugins\obs-filters\compressor-filter.c">
      <Filter>Source Files</Filter>
    </ClCompile>
    <ClCompile Include="D:\Dev\obs-studio\plugins\obs-filters\limiter-filter.c">
      <Filter>Source Files</Filter>
    </ClCompile>
    <ClCompile Include="D:\Dev\obs-studio\plugins\obs-filters\expander-filter.c">
      <Filter>Source Files</Filter>
    </ClCompile>
    <ClCompile Include="D:\Dev\obs-studio\plugins\obs-filters\luma-key-filter.c">
      <Filter>Source Files</Filter>
    </ClCompile>
    <ClCompile Include="D:\Dev\obs-studio\plugins\obs-filters\noise-suppress-filter.c">
      <Filter>Source Files</Filter>
    </ClCompile>
  </ItemGroup>
  <ItemGroup>
    <ClInclude Include="D:\Dev\obs-studio\VSBuild\plugins\obs-filters\config\obs-filters-config.h">
      <Filter>Header Files</Filter>
    </ClInclude>
  </ItemGroup>
  <ItemGroup>
    <CustomBuild Include="D:\Dev\obs-studio\plugins\obs-filters\CMakeLists.txt" />
  </ItemGroup>
  <ItemGroup>
    <ResourceCompile Include="D:\Dev\obs-studio\VSBuild\plugins\obs-filters\obs-filters.rc">
      <Filter>Source Files</Filter>
    </ResourceCompile>
  </ItemGroup>
  <ItemGroup>
    <Filter Include="Header Files">
      <UniqueIdentifier>{642B901A-8DD5-3FB4-BC37-A026A6CA411B}</UniqueIdentifier>
    </Filter>
    <Filter Include="Source Files">
      <UniqueIdentifier>{EA418387-7A35-3229-A9CD-27B76832248D}</UniqueIdentifier>
    </Filter>
  </ItemGroup>
</Project>
