<?xml version="1.0" encoding="utf-8"?>
<Project ToolsVersion="16.0" xmlns="http://schemas.microsoft.com/developer/msbuild/2003">
  <ItemGroup>
    <ClCompile Include="D:\Dev\obs-studio\plugins\rtmp-services\twitch.c">
      <Filter>Source Files</Filter>
    </ClCompile>
    <ClCompile Include="D:\Dev\obs-studio\plugins\rtmp-services\younow.c">
      <Filter>Source Files</Filter>
    </ClCompile>
    <ClCompile Include="D:\Dev\obs-studio\plugins\rtmp-services\nimotv.c">
      <Filter>Source Files</Filter>
    </ClCompile>
    <ClCompile Include="D:\Dev\obs-studio\plugins\rtmp-services\showroom.c">
      <Filter>Source Files</Filter>
    </ClCompile>
    <ClCompile Include="D:\Dev\obs-studio\plugins\rtmp-services\rtmp-common.c">
      <Filter>Source Files</Filter>
    </ClCompile>
    <ClCompile Include="D:\Dev\obs-studio\plugins\rtmp-services\rtmp-custom.c">
      <Filter>Source Files</Filter>
    </ClCompile>
    <ClCompile Include="D:\Dev\obs-studio\plugins\rtmp-services\rtmp-services-main.c">
      <Filter>Source Files</Filter>
    </ClCompile>
  </ItemGroup>
  <ItemGroup>
    <ClInclude Include="D:\Dev\obs-studio\plugins\rtmp-services\twitch.h">
      <Filter>Header Files</Filter>
    </ClInclude>
    <ClInclude Include="D:\Dev\obs-studio\plugins\rtmp-services\younow.h">
      <Filter>Header Files</Filter>
    </ClInclude>
    <ClInclude Include="D:\Dev\obs-studio\plugins\rtmp-services\nimotv.h">
      <Filter>Header Files</Filter>
    </ClInclude>
    <ClInclude Include="D:\Dev\obs-studio\plugins\rtmp-services\showroom.h">
      <Filter>Header Files</Filter>
    </ClInclude>
    <ClInclude Include="D:\Dev\obs-studio\plugins\rtmp-services\rtmp-format-ver.h">
      <Filter>Header Files</Filter>
    </ClInclude>
    <ClInclude Include="D:\Dev\obs-studio\VSBuild\plugins\rtmp-services\lookup-config.h">
      <Filter>Header Files</Filter>
    </ClInclude>
  </ItemGroup>
  <ItemGroup>
    <CustomBuild Include="D:\Dev\obs-studio\plugins\rtmp-services\CMakeLists.txt" />
  </ItemGroup>
  <ItemGroup>
    <ResourceCompile Include="D:\Dev\obs-studio\VSBuild\plugins\rtmp-services\rtmp-services.rc">
      <Filter>Source Files</Filter>
    </ResourceCompile>
  </ItemGroup>
  <ItemGroup>
    <Filter Include="Header Files">
      <UniqueIdentifier>{642B901A-8DD5-3FB4-BC37-A026A6CA411B}</UniqueIdentifier>
    </Filter>
    <Filter Include="Source Files">
      <UniqueIdentifier>{EA418387-7A35-3229-A9CD-27B76832248D}</UniqueIdentifier>
    </Filter>
  </ItemGroup>
</Project>
