
Microsoft Visual Studio Solution File, Format Version 12.00
# Visual Studio Version 16
Project("{2150E333-8FDC-42A3-9474-1A3956D46DE8}") = "CMakePredefinedTargets", "CMakePredefinedTargets", "{631EE651-BE4A-3B1B-B5B8-E13D4811D461}"
EndProject
Project("{2150E333-8FDC-42A3-9474-1A3956D46DE8}") = "core", "core", "{2DC6358B-5F00-3A5F-86B6-0066E849CCBB}"
EndProject
Project("{2150E333-8FDC-42A3-9474-1A3956D46DE8}") = "deps", "deps", "{5DBC1BBA-F20D-32B7-9330-0E9957B09458}"
EndProject
Project("{2150E333-8FDC-42A3-9474-1A3956D46DE8}") = "frontend", "frontend", "{BA2111CA-AC6F-32F9-AD39-7E9AB5991727}"
EndProject
Project("{2150E333-8FDC-42A3-9474-1A3956D46DE8}") = "plugins", "plugins", "{2ABE6BC3-61BF-3DA3-AC24-A0193DE570AA}"
EndProject
Project("{2150E333-8FDC-42A3-9474-1A3956D46DE8}") = "decklink", "plugins\decklink", "{BB64DDEC-8837-3577-9418-15D3FAA9C7BE}"
EndProject
Project("{2150E333-8FDC-42A3-9474-1A3956D46DE8}") = "enc-amf", "plugins\enc-amf", "{A67E702C-9663-34A7-8C35-EC7AF5CEFA0A}"
EndProject
Project("{2150E333-8FDC-42A3-9474-1A3956D46DE8}") = "obs-ffmpeg", "plugins\obs-ffmpeg", "{D6A74A0F-9091-378E-9BBC-BA15733E7470}"
EndProject
Project("{2150E333-8FDC-42A3-9474-1A3956D46DE8}") = "win-capture", "plugins\win-capture", "{D518EC54-C93F-314B-B4A9-DDD0ECA9ED52}"
EndProject
Project("{2150E333-8FDC-42A3-9474-1A3956D46DE8}") = "win-dshow", "plugins\win-dshow", "{D555B66F-CA7F-3153-9D39-EC5B0E94F840}"
EndProject
Project("{2150E333-8FDC-42A3-9474-1A3956D46DE8}") = "scripting", "scripting", "{5A7548F9-ECEC-3D34-B920-36A31D919340}"
EndProject
Project("{2150E333-8FDC-42A3-9474-1A3956D46DE8}") = "tests and examples", "tests and examples", "{6DED5EEB-1D4E-3298-947B-4394CEC9BA63}"
EndProject
Project("{8BC9CEB8-8B4A-11D0-8D11-00A0C91BC942}") = "ALL_BUILD", "ALL_BUILD.vcxproj", "{AEE3FD4C-E885-3139-847C-D0B2169FF6BC}"
	ProjectSection(ProjectDependencies) = postProject
		{6C049754-F2DD-36D0-8F08-416A0730414B} = {6C049754-F2DD-36D0-8F08-416A0730414B}
		{5D94C61F-CB1E-38C6-BE01-E130521B17E4} = {5D94C61F-CB1E-38C6-BE01-E130521B17E4}
		{4D70C779-45CB-39E1-BD2F-4270207EF1C0} = {4D70C779-45CB-39E1-BD2F-4270207EF1C0}
		{0FFFC47F-AEB6-3936-8BE6-6999153100D1} = {0FFFC47F-AEB6-3936-8BE6-6999153100D1}
		{DBBFB6CE-A4BB-3DC2-9977-FFAF7A3A0E08} = {DBBFB6CE-A4BB-3DC2-9977-FFAF7A3A0E08}
		{B13CC9C4-B082-3554-8180-9FC6F95E279A} = {B13CC9C4-B082-3554-8180-9FC6F95E279A}
		{D624CF14-EF58-3F7C-865D-97534ABB6E52} = {D624CF14-EF58-3F7C-865D-97534ABB6E52}
		{23640FA6-8C51-3B8D-A8AA-CD336A27BD03} = {23640FA6-8C51-3B8D-A8AA-CD336A27BD03}
		{392F30DB-75C0-3708-AF88-1F011FD27EFA} = {392F30DB-75C0-3708-AF88-1F011FD27EFA}
		{333E6ECF-A2A6-3F5A-B217-ED77CAC969F7} = {333E6ECF-A2A6-3F5A-B217-ED77CAC969F7}
		{76BBF921-E07D-3E8E-8659-2B95749B16CC} = {76BBF921-E07D-3E8E-8659-2B95749B16CC}
		{F587DD59-5870-308E-A44C-6F0EF73F237E} = {F587DD59-5870-308E-A44C-6F0EF73F237E}
		{88F8E15C-FAD5-3957-AE77-CF5352440DCD} = {88F8E15C-FAD5-3957-AE77-CF5352440DCD}
		{3B2B434B-0430-3559-8AFA-B99B9800598D} = {3B2B434B-0430-3559-8AFA-B99B9800598D}
		{A791A62E-1E39-3A98-B060-6348571CBD7E} = {A791A62E-1E39-3A98-B060-6348571CBD7E}
		{018DE2FD-9AEA-3604-88D0-7EE21C382E89} = {018DE2FD-9AEA-3604-88D0-7EE21C382E89}
		{13B6DF72-47FC-30F2-AF89-03A36B66A406} = {13B6DF72-47FC-30F2-AF89-03A36B66A406}
		{74382A7F-BB39-3070-A823-EFCB66A63E98} = {74382A7F-BB39-3070-A823-EFCB66A63E98}
		{3326578B-5643-3501-B31B-5BA4D84978A5} = {3326578B-5643-3501-B31B-5BA4D84978A5}
		{95CC9FCB-AB09-3A87-916A-A034F5A9DAE8} = {95CC9FCB-AB09-3A87-916A-A034F5A9DAE8}
		{F7497AB9-9861-30CD-9745-034485E97A07} = {F7497AB9-9861-30CD-9745-034485E97A07}
		{2DE6D1A5-A039-3621-8952-C28F1532BA47} = {2DE6D1A5-A039-3621-8952-C28F1532BA47}
		{363E1922-17AD-3294-A37B-47357A29FEB1} = {363E1922-17AD-3294-A37B-47357A29FEB1}
		{15B2CE61-79FF-3B6E-8503-DF13D5B5C6BB} = {15B2CE61-79FF-3B6E-8503-DF13D5B5C6BB}
		{FD8BA27A-6CC1-3750-BE4D-F376B49B2501} = {FD8BA27A-6CC1-3750-BE4D-F376B49B2501}
		{A875A103-A95A-3BCC-88BE-5799E1330236} = {A875A103-A95A-3BCC-88BE-5799E1330236}
		{58EA7031-45B8-34C5-9173-DD20589C0777} = {58EA7031-45B8-34C5-9173-DD20589C0777}
		{E33C5D3C-0DB0-397E-A41C-F1AF2FEC0C88} = {E33C5D3C-0DB0-397E-A41C-F1AF2FEC0C88}
		{55BBE3EA-372D-347B-BE8E-5F316B881287} = {55BBE3EA-372D-347B-BE8E-5F316B881287}
		{4D2F3A05-F924-3C7C-ADC2-8D0C07723F66} = {4D2F3A05-F924-3C7C-ADC2-8D0C07723F66}
		{AB85DB3B-ADCB-3D19-AC45-ED012FD8B5FB} = {AB85DB3B-ADCB-3D19-AC45-ED012FD8B5FB}
		{ADB75AE6-EF54-30B7-8B94-6B2C8BD2E1B4} = {ADB75AE6-EF54-30B7-8B94-6B2C8BD2E1B4}
		{0803FBE3-38C7-30AA-9E37-06A682DA1E55} = {0803FBE3-38C7-30AA-9E37-06A682DA1E55}
		{8F9BE2E8-1759-3D5C-B6C9-E3D23F7F9C10} = {8F9BE2E8-1759-3D5C-B6C9-E3D23F7F9C10}
		{559C4678-DFA7-357B-B31F-7DEDAD1AD696} = {559C4678-DFA7-357B-B31F-7DEDAD1AD696}
		{92F4E00E-04D2-31A4-AEF4-F74A0C3BB9D4} = {92F4E00E-04D2-31A4-AEF4-F74A0C3BB9D4}
		{5DAD40A4-07E6-3EBF-AB83-A5BD4FACFA39} = {5DAD40A4-07E6-3EBF-AB83-A5BD4FACFA39}
		{1C1C8D2A-BC79-3E1E-B49A-C5E2AE77C93E} = {1C1C8D2A-BC79-3E1E-B49A-C5E2AE77C93E}
		{3C12207E-BC12-34FF-8539-1D6AF7021F55} = {3C12207E-BC12-34FF-8539-1D6AF7021F55}
		{11B7BF4E-C071-3023-AD4C-67A061F36502} = {11B7BF4E-C071-3023-AD4C-67A061F36502}
		{7CF4468F-EE97-35E3-9A87-64EA20C16A10} = {7CF4468F-EE97-35E3-9A87-64EA20C16A10}
		{D3A78F4C-5778-3839-97AB-6117CC37D92B} = {D3A78F4C-5778-3839-97AB-6117CC37D92B}
		{47F68E7D-582D-3555-8773-2DE5AC1CC0A0} = {47F68E7D-582D-3555-8773-2DE5AC1CC0A0}
		{9F2E59EA-D316-3817-9030-AA95B38B34D3} = {9F2E59EA-D316-3817-9030-AA95B38B34D3}
		{A08A9F59-AE65-397D-8710-04D5FC808425} = {A08A9F59-AE65-397D-8710-04D5FC808425}
		{735DADE3-D6BB-331F-B5CD-E326E4708BCA} = {735DADE3-D6BB-331F-B5CD-E326E4708BCA}
		{6E3D5A3A-160F-3844-88C7-3F0E014634BA} = {6E3D5A3A-160F-3844-88C7-3F0E014634BA}
		{6D310576-0507-3325-9121-636E3059869E} = {6D310576-0507-3325-9121-636E3059869E}
		{DF897F77-1A06-3CF2-8380-2E245C7E061D} = {DF897F77-1A06-3CF2-8380-2E245C7E061D}
	EndProjectSection
EndProject
Project("{8BC9CEB8-8B4A-11D0-8D11-00A0C91BC942}") = "INSTALL", "INSTALL.vcxproj", "{6AFD71B1-9A46-3B78-BCA8-2AC259336B50}"
	ProjectSection(ProjectDependencies) = postProject
		{AEE3FD4C-E885-3139-847C-D0B2169FF6BC} = {AEE3FD4C-E885-3139-847C-D0B2169FF6BC}
		{6C049754-F2DD-36D0-8F08-416A0730414B} = {6C049754-F2DD-36D0-8F08-416A0730414B}
	EndProjectSection
EndProject
Project("{8BC9CEB8-8B4A-11D0-8D11-00A0C91BC942}") = "PACKAGE", "PACKAGE.vcxproj", "{888553B9-97E9-3AAD-8EDA-3F313590D49A}"
	ProjectSection(ProjectDependencies) = postProject
		{AEE3FD4C-E885-3139-847C-D0B2169FF6BC} = {AEE3FD4C-E885-3139-847C-D0B2169FF6BC}
		{6C049754-F2DD-36D0-8F08-416A0730414B} = {6C049754-F2DD-36D0-8F08-416A0730414B}
	EndProjectSection
EndProject
Project("{8BC9CEB8-8B4A-11D0-8D11-00A0C91BC942}") = "ZERO_CHECK", "ZERO_CHECK.vcxproj", "{6C049754-F2DD-36D0-8F08-416A0730414B}"
	ProjectSection(ProjectDependencies) = postProject
	EndProjectSection
EndProject
Project("{8BC9CEB8-8B4A-11D0-8D11-00A0C91BC942}") = "_obspython", "deps\obs-scripting\obspython\_obspython.vcxproj", "{5D94C61F-CB1E-38C6-BE01-E130521B17E4}"
	ProjectSection(ProjectDependencies) = postProject
		{6C049754-F2DD-36D0-8F08-416A0730414B} = {6C049754-F2DD-36D0-8F08-416A0730414B}
		{3326578B-5643-3501-B31B-5BA4D84978A5} = {3326578B-5643-3501-B31B-5BA4D84978A5}
		{55BBE3EA-372D-347B-BE8E-5F316B881287} = {55BBE3EA-372D-347B-BE8E-5F316B881287}
		{ADB75AE6-EF54-30B7-8B94-6B2C8BD2E1B4} = {ADB75AE6-EF54-30B7-8B94-6B2C8BD2E1B4}
		{47F68E7D-582D-3555-8773-2DE5AC1CC0A0} = {47F68E7D-582D-3555-8773-2DE5AC1CC0A0}
	EndProjectSection
EndProject
Project("{8BC9CEB8-8B4A-11D0-8D11-00A0C91BC942}") = "blake2", "deps\blake2\blake2.vcxproj", "{4D70C779-45CB-39E1-BD2F-4270207EF1C0}"
	ProjectSection(ProjectDependencies) = postProject
		{6C049754-F2DD-36D0-8F08-416A0730414B} = {6C049754-F2DD-36D0-8F08-416A0730414B}
	EndProjectSection
EndProject
Project("{8BC9CEB8-8B4A-11D0-8D11-00A0C91BC942}") = "caption", "deps\libcaption\caption.vcxproj", "{0FFFC47F-AEB6-3936-8BE6-6999153100D1}"
	ProjectSection(ProjectDependencies) = postProject
		{6C049754-F2DD-36D0-8F08-416A0730414B} = {6C049754-F2DD-36D0-8F08-416A0730414B}
	EndProjectSection
EndProject
Project("{8BC9CEB8-8B4A-11D0-8D11-00A0C91BC942}") = "coreaudio-encoder", "plugins\coreaudio-encoder\coreaudio-encoder.vcxproj", "{DBBFB6CE-A4BB-3DC2-9977-FFAF7A3A0E08}"
	ProjectSection(ProjectDependencies) = postProject
		{6C049754-F2DD-36D0-8F08-416A0730414B} = {6C049754-F2DD-36D0-8F08-416A0730414B}
		{3326578B-5643-3501-B31B-5BA4D84978A5} = {3326578B-5643-3501-B31B-5BA4D84978A5}
	EndProjectSection
EndProject
Project("{8BC9CEB8-8B4A-11D0-8D11-00A0C91BC942}") = "decklink-captions", "UI\frontend-plugins\decklink-captions\decklink-captions.vcxproj", "{B13CC9C4-B082-3554-8180-9FC6F95E279A}"
	ProjectSection(ProjectDependencies) = postProject
		{6C049754-F2DD-36D0-8F08-416A0730414B} = {6C049754-F2DD-36D0-8F08-416A0730414B}
		{3326578B-5643-3501-B31B-5BA4D84978A5} = {3326578B-5643-3501-B31B-5BA4D84978A5}
		{55BBE3EA-372D-347B-BE8E-5F316B881287} = {55BBE3EA-372D-347B-BE8E-5F316B881287}
	EndProjectSection
EndProject
Project("{8BC9CEB8-8B4A-11D0-8D11-00A0C91BC942}") = "decklink-ouput-ui", "UI\frontend-plugins\decklink-output-ui\decklink-ouput-ui.vcxproj", "{D624CF14-EF58-3F7C-865D-97534ABB6E52}"
	ProjectSection(ProjectDependencies) = postProject
		{6C049754-F2DD-36D0-8F08-416A0730414B} = {6C049754-F2DD-36D0-8F08-416A0730414B}
		{3326578B-5643-3501-B31B-5BA4D84978A5} = {3326578B-5643-3501-B31B-5BA4D84978A5}
		{55BBE3EA-372D-347B-BE8E-5F316B881287} = {55BBE3EA-372D-347B-BE8E-5F316B881287}
	EndProjectSection
EndProject
Project("{8BC9CEB8-8B4A-11D0-8D11-00A0C91BC942}") = "enc-amf", "plugins\enc-amf\enc-amf.vcxproj", "{23640FA6-8C51-3B8D-A8AA-CD336A27BD03}"
	ProjectSection(ProjectDependencies) = postProject
		{6C049754-F2DD-36D0-8F08-416A0730414B} = {6C049754-F2DD-36D0-8F08-416A0730414B}
		{3326578B-5643-3501-B31B-5BA4D84978A5} = {3326578B-5643-3501-B31B-5BA4D84978A5}
	EndProjectSection
EndProject
Project("{8BC9CEB8-8B4A-11D0-8D11-00A0C91BC942}") = "enc-amf-test", "plugins\enc-amf\amf-test\enc-amf-test.vcxproj", "{392F30DB-75C0-3708-AF88-1F011FD27EFA}"
	ProjectSection(ProjectDependencies) = postProject
		{6C049754-F2DD-36D0-8F08-416A0730414B} = {6C049754-F2DD-36D0-8F08-416A0730414B}
	EndProjectSection
EndProject
Project("{8BC9CEB8-8B4A-11D0-8D11-00A0C91BC942}") = "file-updater", "deps\file-updater\file-updater.vcxproj", "{333E6ECF-A2A6-3F5A-B217-ED77CAC969F7}"
	ProjectSection(ProjectDependencies) = postProject
		{6C049754-F2DD-36D0-8F08-416A0730414B} = {6C049754-F2DD-36D0-8F08-416A0730414B}
		{3326578B-5643-3501-B31B-5BA4D84978A5} = {3326578B-5643-3501-B31B-5BA4D84978A5}
		{47F68E7D-582D-3555-8773-2DE5AC1CC0A0} = {47F68E7D-582D-3555-8773-2DE5AC1CC0A0}
	EndProjectSection
EndProject
Project("{8BC9CEB8-8B4A-11D0-8D11-00A0C91BC942}") = "frontend-tools", "UI\frontend-plugins\frontend-tools\frontend-tools.vcxproj", "{76BBF921-E07D-3E8E-8659-2B95749B16CC}"
	ProjectSection(ProjectDependencies) = postProject
		{6C049754-F2DD-36D0-8F08-416A0730414B} = {6C049754-F2DD-36D0-8F08-416A0730414B}
		{3326578B-5643-3501-B31B-5BA4D84978A5} = {3326578B-5643-3501-B31B-5BA4D84978A5}
		{55BBE3EA-372D-347B-BE8E-5F316B881287} = {55BBE3EA-372D-347B-BE8E-5F316B881287}
		{ADB75AE6-EF54-30B7-8B94-6B2C8BD2E1B4} = {ADB75AE6-EF54-30B7-8B94-6B2C8BD2E1B4}
		{47F68E7D-582D-3555-8773-2DE5AC1CC0A0} = {47F68E7D-582D-3555-8773-2DE5AC1CC0A0}
	EndProjectSection
EndProject
Project("{8BC9CEB8-8B4A-11D0-8D11-00A0C91BC942}") = "get-graphics-offsets", "plugins\win-capture\get-graphics-offsets\get-graphics-offsets.vcxproj", "{F587DD59-5870-308E-A44C-6F0EF73F237E}"
	ProjectSection(ProjectDependencies) = postProject
		{6C049754-F2DD-36D0-8F08-416A0730414B} = {6C049754-F2DD-36D0-8F08-416A0730414B}
	EndProjectSection
EndProject
Project("{8BC9CEB8-8B4A-11D0-8D11-00A0C91BC942}") = "glad", "deps\glad\glad.vcxproj", "{88F8E15C-FAD5-3957-AE77-CF5352440DCD}"
	ProjectSection(ProjectDependencies) = postProject
		{6C049754-F2DD-36D0-8F08-416A0730414B} = {6C049754-F2DD-36D0-8F08-416A0730414B}
	EndProjectSection
EndProject
Project("{8BC9CEB8-8B4A-11D0-8D11-00A0C91BC942}") = "graphics-hook", "plugins\win-capture\graphics-hook\graphics-hook.vcxproj", "{3B2B434B-0430-3559-8AFA-B99B9800598D}"
	ProjectSection(ProjectDependencies) = postProject
		{6C049754-F2DD-36D0-8F08-416A0730414B} = {6C049754-F2DD-36D0-8F08-416A0730414B}
		{13B6DF72-47FC-30F2-AF89-03A36B66A406} = {13B6DF72-47FC-30F2-AF89-03A36B66A406}
	EndProjectSection
EndProject
Project("{8BC9CEB8-8B4A-11D0-8D11-00A0C91BC942}") = "image-source", "plugins\image-source\image-source.vcxproj", "{A791A62E-1E39-3A98-B060-6348571CBD7E}"
	ProjectSection(ProjectDependencies) = postProject
		{6C049754-F2DD-36D0-8F08-416A0730414B} = {6C049754-F2DD-36D0-8F08-416A0730414B}
		{3326578B-5643-3501-B31B-5BA4D84978A5} = {3326578B-5643-3501-B31B-5BA4D84978A5}
		{47F68E7D-582D-3555-8773-2DE5AC1CC0A0} = {47F68E7D-582D-3555-8773-2DE5AC1CC0A0}
	EndProjectSection
EndProject
Project("{8BC9CEB8-8B4A-11D0-8D11-00A0C91BC942}") = "inject-helper", "plugins\win-capture\inject-helper\inject-helper.vcxproj", "{018DE2FD-9AEA-3604-88D0-7EE21C382E89}"
	ProjectSection(ProjectDependencies) = postProject
		{6C049754-F2DD-36D0-8F08-416A0730414B} = {6C049754-F2DD-36D0-8F08-416A0730414B}
	EndProjectSection
EndProject
Project("{8BC9CEB8-8B4A-11D0-8D11-00A0C91BC942}") = "ipc-util", "deps\ipc-util\ipc-util.vcxproj", "{13B6DF72-47FC-30F2-AF89-03A36B66A406}"
	ProjectSection(ProjectDependencies) = postProject
		{6C049754-F2DD-36D0-8F08-416A0730414B} = {6C049754-F2DD-36D0-8F08-416A0730414B}
	EndProjectSection
EndProject
Project("{8BC9CEB8-8B4A-11D0-8D11-00A0C91BC942}") = "jansson", "deps\jansson\jansson.vcxproj", "{74382A7F-BB39-3070-A823-EFCB66A63E98}"
	ProjectSection(ProjectDependencies) = postProject
		{6C049754-F2DD-36D0-8F08-416A0730414B} = {6C049754-F2DD-36D0-8F08-416A0730414B}
	EndProjectSection
EndProject
Project("{8BC9CEB8-8B4A-11D0-8D11-00A0C91BC942}") = "libobs", "libobs\libobs.vcxproj", "{3326578B-5643-3501-B31B-5BA4D84978A5}"
	ProjectSection(ProjectDependencies) = postProject
		{6C049754-F2DD-36D0-8F08-416A0730414B} = {6C049754-F2DD-36D0-8F08-416A0730414B}
		{0FFFC47F-AEB6-3936-8BE6-6999153100D1} = {0FFFC47F-AEB6-3936-8BE6-6999153100D1}
		{74382A7F-BB39-3070-A823-EFCB66A63E98} = {74382A7F-BB39-3070-A823-EFCB66A63E98}
		{47F68E7D-582D-3555-8773-2DE5AC1CC0A0} = {47F68E7D-582D-3555-8773-2DE5AC1CC0A0}
	EndProjectSection
EndProject
Project("{8BC9CEB8-8B4A-11D0-8D11-00A0C91BC942}") = "libobs-d3d11", "libobs-d3d11\libobs-d3d11.vcxproj", "{95CC9FCB-AB09-3A87-916A-A034F5A9DAE8}"
	ProjectSection(ProjectDependencies) = postProject
		{6C049754-F2DD-36D0-8F08-416A0730414B} = {6C049754-F2DD-36D0-8F08-416A0730414B}
		{3326578B-5643-3501-B31B-5BA4D84978A5} = {3326578B-5643-3501-B31B-5BA4D84978A5}
	EndProjectSection
EndProject
Project("{8BC9CEB8-8B4A-11D0-8D11-00A0C91BC942}") = "libobs-opengl", "libobs-opengl\libobs-opengl.vcxproj", "{F7497AB9-9861-30CD-9745-034485E97A07}"
	ProjectSection(ProjectDependencies) = postProject
		{6C049754-F2DD-36D0-8F08-416A0730414B} = {6C049754-F2DD-36D0-8F08-416A0730414B}
		{88F8E15C-FAD5-3957-AE77-CF5352440DCD} = {88F8E15C-FAD5-3957-AE77-CF5352440DCD}
		{3326578B-5643-3501-B31B-5BA4D84978A5} = {3326578B-5643-3501-B31B-5BA4D84978A5}
	EndProjectSection
EndProject
Project("{8BC9CEB8-8B4A-11D0-8D11-00A0C91BC942}") = "libobs-winrt", "libobs-winrt\libobs-winrt.vcxproj", "{2DE6D1A5-A039-3621-8952-C28F1532BA47}"
	ProjectSection(ProjectDependencies) = postProject
		{6C049754-F2DD-36D0-8F08-416A0730414B} = {6C049754-F2DD-36D0-8F08-416A0730414B}
		{3326578B-5643-3501-B31B-5BA4D84978A5} = {3326578B-5643-3501-B31B-5BA4D84978A5}
	EndProjectSection
EndProject
Project("{8BC9CEB8-8B4A-11D0-8D11-00A0C91BC942}") = "lzma", "deps\lzma\lzma.vcxproj", "{363E1922-17AD-3294-A37B-47357A29FEB1}"
	ProjectSection(ProjectDependencies) = postProject
		{6C049754-F2DD-36D0-8F08-416A0730414B} = {6C049754-F2DD-36D0-8F08-416A0730414B}
	EndProjectSection
EndProject
Project("{8BC9CEB8-8B4A-11D0-8D11-00A0C91BC942}") = "media-playback", "deps\media-playback\media-playback.vcxproj", "{15B2CE61-79FF-3B6E-8503-DF13D5B5C6BB}"
	ProjectSection(ProjectDependencies) = postProject
		{6C049754-F2DD-36D0-8F08-416A0730414B} = {6C049754-F2DD-36D0-8F08-416A0730414B}
	EndProjectSection
EndProject
Project("{8BC9CEB8-8B4A-11D0-8D11-00A0C91BC942}") = "obs", "UI\obs.vcxproj", "{FD8BA27A-6CC1-3750-BE4D-F376B49B2501}"
	ProjectSection(ProjectDependencies) = postProject
		{6C049754-F2DD-36D0-8F08-416A0730414B} = {6C049754-F2DD-36D0-8F08-416A0730414B}
		{4D70C779-45CB-39E1-BD2F-4270207EF1C0} = {4D70C779-45CB-39E1-BD2F-4270207EF1C0}
		{3326578B-5643-3501-B31B-5BA4D84978A5} = {3326578B-5643-3501-B31B-5BA4D84978A5}
		{55BBE3EA-372D-347B-BE8E-5F316B881287} = {55BBE3EA-372D-347B-BE8E-5F316B881287}
		{47F68E7D-582D-3555-8773-2DE5AC1CC0A0} = {47F68E7D-582D-3555-8773-2DE5AC1CC0A0}
	EndProjectSection
EndProject
Project("{8BC9CEB8-8B4A-11D0-8D11-00A0C91BC942}") = "obs-ffmpeg", "plugins\obs-ffmpeg\obs-ffmpeg.vcxproj", "{A875A103-A95A-3BCC-88BE-5799E1330236}"
	ProjectSection(ProjectDependencies) = postProject
		{6C049754-F2DD-36D0-8F08-416A0730414B} = {6C049754-F2DD-36D0-8F08-416A0730414B}
		{3326578B-5643-3501-B31B-5BA4D84978A5} = {3326578B-5643-3501-B31B-5BA4D84978A5}
		{15B2CE61-79FF-3B6E-8503-DF13D5B5C6BB} = {15B2CE61-79FF-3B6E-8503-DF13D5B5C6BB}
		{47F68E7D-582D-3555-8773-2DE5AC1CC0A0} = {47F68E7D-582D-3555-8773-2DE5AC1CC0A0}
	EndProjectSection
EndProject
Project("{8BC9CEB8-8B4A-11D0-8D11-00A0C91BC942}") = "obs-ffmpeg-mux", "plugins\obs-ffmpeg\ffmpeg-mux\obs-ffmpeg-mux.vcxproj", "{58EA7031-45B8-34C5-9173-DD20589C0777}"
	ProjectSection(ProjectDependencies) = postProject
		{6C049754-F2DD-36D0-8F08-416A0730414B} = {6C049754-F2DD-36D0-8F08-416A0730414B}
		{3326578B-5643-3501-B31B-5BA4D84978A5} = {3326578B-5643-3501-B31B-5BA4D84978A5}
	EndProjectSection
EndProject
Project("{8BC9CEB8-8B4A-11D0-8D11-00A0C91BC942}") = "obs-filters", "plugins\obs-filters\obs-filters.vcxproj", "{E33C5D3C-0DB0-397E-A41C-F1AF2FEC0C88}"
	ProjectSection(ProjectDependencies) = postProject
		{6C049754-F2DD-36D0-8F08-416A0730414B} = {6C049754-F2DD-36D0-8F08-416A0730414B}
		{3326578B-5643-3501-B31B-5BA4D84978A5} = {3326578B-5643-3501-B31B-5BA4D84978A5}
		{47F68E7D-582D-3555-8773-2DE5AC1CC0A0} = {47F68E7D-582D-3555-8773-2DE5AC1CC0A0}
	EndProjectSection
EndProject
Project("{8BC9CEB8-8B4A-11D0-8D11-00A0C91BC942}") = "obs-frontend-api", "UI\obs-frontend-api\obs-frontend-api.vcxproj", "{55BBE3EA-372D-347B-BE8E-5F316B881287}"
	ProjectSection(ProjectDependencies) = postProject
		{6C049754-F2DD-36D0-8F08-416A0730414B} = {6C049754-F2DD-36D0-8F08-416A0730414B}
		{3326578B-5643-3501-B31B-5BA4D84978A5} = {3326578B-5643-3501-B31B-5BA4D84978A5}
	EndProjectSection
EndProject
Project("{8BC9CEB8-8B4A-11D0-8D11-00A0C91BC942}") = "obs-outputs", "plugins\obs-outputs\obs-outputs.vcxproj", "{4D2F3A05-F924-3C7C-ADC2-8D0C07723F66}"
	ProjectSection(ProjectDependencies) = postProject
		{6C049754-F2DD-36D0-8F08-416A0730414B} = {6C049754-F2DD-36D0-8F08-416A0730414B}
		{74382A7F-BB39-3070-A823-EFCB66A63E98} = {74382A7F-BB39-3070-A823-EFCB66A63E98}
		{3326578B-5643-3501-B31B-5BA4D84978A5} = {3326578B-5643-3501-B31B-5BA4D84978A5}
		{47F68E7D-582D-3555-8773-2DE5AC1CC0A0} = {47F68E7D-582D-3555-8773-2DE5AC1CC0A0}
	EndProjectSection
EndProject
Project("{8BC9CEB8-8B4A-11D0-8D11-00A0C91BC942}") = "obs-qsv11", "plugins\obs-qsv11\obs-qsv11.vcxproj", "{AB85DB3B-ADCB-3D19-AC45-ED012FD8B5FB}"
	ProjectSection(ProjectDependencies) = postProject
		{6C049754-F2DD-36D0-8F08-416A0730414B} = {6C049754-F2DD-36D0-8F08-416A0730414B}
		{3326578B-5643-3501-B31B-5BA4D84978A5} = {3326578B-5643-3501-B31B-5BA4D84978A5}
	EndProjectSection
EndProject
Project("{8BC9CEB8-8B4A-11D0-8D11-00A0C91BC942}") = "obs-scripting", "deps\obs-scripting\obs-scripting.vcxproj", "{ADB75AE6-EF54-30B7-8B94-6B2C8BD2E1B4}"
	ProjectSection(ProjectDependencies) = postProject
		{6C049754-F2DD-36D0-8F08-416A0730414B} = {6C049754-F2DD-36D0-8F08-416A0730414B}
		{3326578B-5643-3501-B31B-5BA4D84978A5} = {3326578B-5643-3501-B31B-5BA4D84978A5}
		{55BBE3EA-372D-347B-BE8E-5F316B881287} = {55BBE3EA-372D-347B-BE8E-5F316B881287}
		{47F68E7D-582D-3555-8773-2DE5AC1CC0A0} = {47F68E7D-582D-3555-8773-2DE5AC1CC0A0}
	EndProjectSection
EndProject
Project("{8BC9CEB8-8B4A-11D0-8D11-00A0C91BC942}") = "obs-text", "plugins\obs-text\obs-text.vcxproj", "{0803FBE3-38C7-30AA-9E37-06A682DA1E55}"
	ProjectSection(ProjectDependencies) = postProject
		{6C049754-F2DD-36D0-8F08-416A0730414B} = {6C049754-F2DD-36D0-8F08-416A0730414B}
		{3326578B-5643-3501-B31B-5BA4D84978A5} = {3326578B-5643-3501-B31B-5BA4D84978A5}
	EndProjectSection
EndProject
Project("{8BC9CEB8-8B4A-11D0-8D11-00A0C91BC942}") = "obs-transitions", "plugins\obs-transitions\obs-transitions.vcxproj", "{8F9BE2E8-1759-3D5C-B6C9-E3D23F7F9C10}"
	ProjectSection(ProjectDependencies) = postProject
		{6C049754-F2DD-36D0-8F08-416A0730414B} = {6C049754-F2DD-36D0-8F08-416A0730414B}
		{3326578B-5643-3501-B31B-5BA4D84978A5} = {3326578B-5643-3501-B31B-5BA4D84978A5}
	EndProjectSection
EndProject
Project("{8BC9CEB8-8B4A-11D0-8D11-00A0C91BC942}") = "obs-vst", "plugins\obs-vst\obs-vst.vcxproj", "{559C4678-DFA7-357B-B31F-7DEDAD1AD696}"
	ProjectSection(ProjectDependencies) = postProject
		{6C049754-F2DD-36D0-8F08-416A0730414B} = {6C049754-F2DD-36D0-8F08-416A0730414B}
		{3326578B-5643-3501-B31B-5BA4D84978A5} = {3326578B-5643-3501-B31B-5BA4D84978A5}
	EndProjectSection
EndProject
Project("{8BC9CEB8-8B4A-11D0-8D11-00A0C91BC942}") = "obs-x264", "plugins\obs-x264\obs-x264.vcxproj", "{92F4E00E-04D2-31A4-AEF4-F74A0C3BB9D4}"
	ProjectSection(ProjectDependencies) = postProject
		{6C049754-F2DD-36D0-8F08-416A0730414B} = {6C049754-F2DD-36D0-8F08-416A0730414B}
		{3326578B-5643-3501-B31B-5BA4D84978A5} = {3326578B-5643-3501-B31B-5BA4D84978A5}
		{1C1C8D2A-BC79-3E1E-B49A-C5E2AE77C93E} = {1C1C8D2A-BC79-3E1E-B49A-C5E2AE77C93E}
	EndProjectSection
EndProject
Project("{8BC9CEB8-8B4A-11D0-8D11-00A0C91BC942}") = "obs-x264-test", "plugins\obs-x264\obs-x264-test.vcxproj", "{5DAD40A4-07E6-3EBF-AB83-A5BD4FACFA39}"
	ProjectSection(ProjectDependencies) = postProject
		{6C049754-F2DD-36D0-8F08-416A0730414B} = {6C049754-F2DD-36D0-8F08-416A0730414B}
		{3326578B-5643-3501-B31B-5BA4D84978A5} = {3326578B-5643-3501-B31B-5BA4D84978A5}
		{1C1C8D2A-BC79-3E1E-B49A-C5E2AE77C93E} = {1C1C8D2A-BC79-3E1E-B49A-C5E2AE77C93E}
	EndProjectSection
EndProject
Project("{8BC9CEB8-8B4A-11D0-8D11-00A0C91BC942}") = "obs-x264-util", "plugins\obs-x264\obs-x264-util.vcxproj", "{1C1C8D2A-BC79-3E1E-B49A-C5E2AE77C93E}"
	ProjectSection(ProjectDependencies) = postProject
		{6C049754-F2DD-36D0-8F08-416A0730414B} = {6C049754-F2DD-36D0-8F08-416A0730414B}
		{3326578B-5643-3501-B31B-5BA4D84978A5} = {3326578B-5643-3501-B31B-5BA4D84978A5}
	EndProjectSection
EndProject
Project("{8BC9CEB8-8B4A-11D0-8D11-00A0C91BC942}") = "obslua", "deps\obs-scripting\obslua\obslua.vcxproj", "{3C12207E-BC12-34FF-8539-1D6AF7021F55}"
	ProjectSection(ProjectDependencies) = postProject
		{6C049754-F2DD-36D0-8F08-416A0730414B} = {6C049754-F2DD-36D0-8F08-416A0730414B}
		{3326578B-5643-3501-B31B-5BA4D84978A5} = {3326578B-5643-3501-B31B-5BA4D84978A5}
		{55BBE3EA-372D-347B-BE8E-5F316B881287} = {55BBE3EA-372D-347B-BE8E-5F316B881287}
		{ADB75AE6-EF54-30B7-8B94-6B2C8BD2E1B4} = {ADB75AE6-EF54-30B7-8B94-6B2C8BD2E1B4}
		{47F68E7D-582D-3555-8773-2DE5AC1CC0A0} = {47F68E7D-582D-3555-8773-2DE5AC1CC0A0}
	EndProjectSection
EndProject
Project("{8BC9CEB8-8B4A-11D0-8D11-00A0C91BC942}") = "rtmp-services", "plugins\rtmp-services\rtmp-services.vcxproj", "{11B7BF4E-C071-3023-AD4C-67A061F36502}"
	ProjectSection(ProjectDependencies) = postProject
		{6C049754-F2DD-36D0-8F08-416A0730414B} = {6C049754-F2DD-36D0-8F08-416A0730414B}
		{333E6ECF-A2A6-3F5A-B217-ED77CAC969F7} = {333E6ECF-A2A6-3F5A-B217-ED77CAC969F7}
		{74382A7F-BB39-3070-A823-EFCB66A63E98} = {74382A7F-BB39-3070-A823-EFCB66A63E98}
		{3326578B-5643-3501-B31B-5BA4D84978A5} = {3326578B-5643-3501-B31B-5BA4D84978A5}
		{47F68E7D-582D-3555-8773-2DE5AC1CC0A0} = {47F68E7D-582D-3555-8773-2DE5AC1CC0A0}
	EndProjectSection
EndProject
Project("{8BC9CEB8-8B4A-11D0-8D11-00A0C91BC942}") = "test-input", "test\test-input\test-input.vcxproj", "{7CF4468F-EE97-35E3-9A87-64EA20C16A10}"
	ProjectSection(ProjectDependencies) = postProject
		{6C049754-F2DD-36D0-8F08-416A0730414B} = {6C049754-F2DD-36D0-8F08-416A0730414B}
		{3326578B-5643-3501-B31B-5BA4D84978A5} = {3326578B-5643-3501-B31B-5BA4D84978A5}
		{47F68E7D-582D-3555-8773-2DE5AC1CC0A0} = {47F68E7D-582D-3555-8773-2DE5AC1CC0A0}
	EndProjectSection
EndProject
Project("{8BC9CEB8-8B4A-11D0-8D11-00A0C91BC942}") = "text-freetype2", "plugins\text-freetype2\text-freetype2.vcxproj", "{D3A78F4C-5778-3839-97AB-6117CC37D92B}"
	ProjectSection(ProjectDependencies) = postProject
		{6C049754-F2DD-36D0-8F08-416A0730414B} = {6C049754-F2DD-36D0-8F08-416A0730414B}
		{3326578B-5643-3501-B31B-5BA4D84978A5} = {3326578B-5643-3501-B31B-5BA4D84978A5}
	EndProjectSection
EndProject
Project("{8BC9CEB8-8B4A-11D0-8D11-00A0C91BC942}") = "w32-pthreads", "deps\w32-pthreads\w32-pthreads.vcxproj", "{47F68E7D-582D-3555-8773-2DE5AC1CC0A0}"
	ProjectSection(ProjectDependencies) = postProject
		{6C049754-F2DD-36D0-8F08-416A0730414B} = {6C049754-F2DD-36D0-8F08-416A0730414B}
	EndProjectSection
EndProject
Project("{8BC9CEB8-8B4A-11D0-8D11-00A0C91BC942}") = "win-capture", "plugins\win-capture\win-capture.vcxproj", "{9F2E59EA-D316-3817-9030-AA95B38B34D3}"
	ProjectSection(ProjectDependencies) = postProject
		{6C049754-F2DD-36D0-8F08-416A0730414B} = {6C049754-F2DD-36D0-8F08-416A0730414B}
		{13B6DF72-47FC-30F2-AF89-03A36B66A406} = {13B6DF72-47FC-30F2-AF89-03A36B66A406}
		{3326578B-5643-3501-B31B-5BA4D84978A5} = {3326578B-5643-3501-B31B-5BA4D84978A5}
		{47F68E7D-582D-3555-8773-2DE5AC1CC0A0} = {47F68E7D-582D-3555-8773-2DE5AC1CC0A0}
	EndProjectSection
EndProject
Project("{8BC9CEB8-8B4A-11D0-8D11-00A0C91BC942}") = "win-decklink", "plugins\decklink\win\win-decklink.vcxproj", "{A08A9F59-AE65-397D-8710-04D5FC808425}"
	ProjectSection(ProjectDependencies) = postProject
		{6C049754-F2DD-36D0-8F08-416A0730414B} = {6C049754-F2DD-36D0-8F08-416A0730414B}
		{0FFFC47F-AEB6-3936-8BE6-6999153100D1} = {0FFFC47F-AEB6-3936-8BE6-6999153100D1}
		{3326578B-5643-3501-B31B-5BA4D84978A5} = {3326578B-5643-3501-B31B-5BA4D84978A5}
		{55BBE3EA-372D-347B-BE8E-5F316B881287} = {55BBE3EA-372D-347B-BE8E-5F316B881287}
	EndProjectSection
EndProject
Project("{8BC9CEB8-8B4A-11D0-8D11-00A0C91BC942}") = "win-dshow", "plugins\win-dshow\win-dshow.vcxproj", "{735DADE3-D6BB-331F-B5CD-E326E4708BCA}"
	ProjectSection(ProjectDependencies) = postProject
		{6C049754-F2DD-36D0-8F08-416A0730414B} = {6C049754-F2DD-36D0-8F08-416A0730414B}
		{3326578B-5643-3501-B31B-5BA4D84978A5} = {3326578B-5643-3501-B31B-5BA4D84978A5}
		{47F68E7D-582D-3555-8773-2DE5AC1CC0A0} = {47F68E7D-582D-3555-8773-2DE5AC1CC0A0}
	EndProjectSection
EndProject
Project("{8BC9CEB8-8B4A-11D0-8D11-00A0C91BC942}") = "win-mf", "plugins\win-mf\win-mf.vcxproj", "{6E3D5A3A-160F-3844-88C7-3F0E014634BA}"
	ProjectSection(ProjectDependencies) = postProject
		{6C049754-F2DD-36D0-8F08-416A0730414B} = {6C049754-F2DD-36D0-8F08-416A0730414B}
		{3326578B-5643-3501-B31B-5BA4D84978A5} = {3326578B-5643-3501-B31B-5BA4D84978A5}
	EndProjectSection
EndProject
Project("{8BC9CEB8-8B4A-11D0-8D11-00A0C91BC942}") = "win-test", "test\win\win-test.vcxproj", "{6D310576-0507-3325-9121-636E3059869E}"
	ProjectSection(ProjectDependencies) = postProject
		{6C049754-F2DD-36D0-8F08-416A0730414B} = {6C049754-F2DD-36D0-8F08-416A0730414B}
		{3326578B-5643-3501-B31B-5BA4D84978A5} = {3326578B-5643-3501-B31B-5BA4D84978A5}
	EndProjectSection
EndProject
Project("{8BC9CEB8-8B4A-11D0-8D11-00A0C91BC942}") = "win-wasapi", "plugins\win-wasapi\win-wasapi.vcxproj", "{DF897F77-1A06-3CF2-8380-2E245C7E061D}"
	ProjectSection(ProjectDependencies) = postProject
		{6C049754-F2DD-36D0-8F08-416A0730414B} = {6C049754-F2DD-36D0-8F08-416A0730414B}
		{3326578B-5643-3501-B31B-5BA4D84978A5} = {3326578B-5643-3501-B31B-5BA4D84978A5}
	EndProjectSection
EndProject
Global
	GlobalSection(SolutionConfigurationPlatforms) = preSolution
		Debug|x64 = Debug|x64
		Release|x64 = Release|x64
		MinSizeRel|x64 = MinSizeRel|x64
		RelWithDebInfo|x64 = RelWithDebInfo|x64
	EndGlobalSection
	GlobalSection(ProjectConfigurationPlatforms) = postSolution
		{AEE3FD4C-E885-3139-847C-D0B2169FF6BC}.Debug|x64.ActiveCfg = Debug|x64
		{AEE3FD4C-E885-3139-847C-D0B2169FF6BC}.Debug|x64.Build.0 = Debug|x64
		{AEE3FD4C-E885-3139-847C-D0B2169FF6BC}.Release|x64.ActiveCfg = Release|x64
		{AEE3FD4C-E885-3139-847C-D0B2169FF6BC}.Release|x64.Build.0 = Release|x64
		{AEE3FD4C-E885-3139-847C-D0B2169FF6BC}.MinSizeRel|x64.ActiveCfg = MinSizeRel|x64
		{AEE3FD4C-E885-3139-847C-D0B2169FF6BC}.MinSizeRel|x64.Build.0 = MinSizeRel|x64
		{AEE3FD4C-E885-3139-847C-D0B2169FF6BC}.RelWithDebInfo|x64.ActiveCfg = RelWithDebInfo|x64
		{AEE3FD4C-E885-3139-847C-D0B2169FF6BC}.RelWithDebInfo|x64.Build.0 = RelWithDebInfo|x64
		{6AFD71B1-9A46-3B78-BCA8-2AC259336B50}.Debug|x64.ActiveCfg = Debug|x64
		{6AFD71B1-9A46-3B78-BCA8-2AC259336B50}.Release|x64.ActiveCfg = Release|x64
		{6AFD71B1-9A46-3B78-BCA8-2AC259336B50}.MinSizeRel|x64.ActiveCfg = MinSizeRel|x64
		{6AFD71B1-9A46-3B78-BCA8-2AC259336B50}.RelWithDebInfo|x64.ActiveCfg = RelWithDebInfo|x64
		{888553B9-97E9-3AAD-8EDA-3F313590D49A}.Debug|x64.ActiveCfg = Debug|x64
		{888553B9-97E9-3AAD-8EDA-3F313590D49A}.Release|x64.ActiveCfg = Release|x64
		{888553B9-97E9-3AAD-8EDA-3F313590D49A}.MinSizeRel|x64.ActiveCfg = MinSizeRel|x64
		{888553B9-97E9-3AAD-8EDA-3F313590D49A}.RelWithDebInfo|x64.ActiveCfg = RelWithDebInfo|x64
		{6C049754-F2DD-36D0-8F08-416A0730414B}.Debug|x64.ActiveCfg = Debug|x64
		{6C049754-F2DD-36D0-8F08-416A0730414B}.Debug|x64.Build.0 = Debug|x64
		{6C049754-F2DD-36D0-8F08-416A0730414B}.Release|x64.ActiveCfg = Release|x64
		{6C049754-F2DD-36D0-8F08-416A0730414B}.Release|x64.Build.0 = Release|x64
		{6C049754-F2DD-36D0-8F08-416A0730414B}.MinSizeRel|x64.ActiveCfg = MinSizeRel|x64
		{6C049754-F2DD-36D0-8F08-416A0730414B}.MinSizeRel|x64.Build.0 = MinSizeRel|x64
		{6C049754-F2DD-36D0-8F08-416A0730414B}.RelWithDebInfo|x64.ActiveCfg = RelWithDebInfo|x64
		{6C049754-F2DD-36D0-8F08-416A0730414B}.RelWithDebInfo|x64.Build.0 = RelWithDebInfo|x64
		{5D94C61F-CB1E-38C6-BE01-E130521B17E4}.Debug|x64.ActiveCfg = Debug|x64
		{5D94C61F-CB1E-38C6-BE01-E130521B17E4}.Debug|x64.Build.0 = Debug|x64
		{5D94C61F-CB1E-38C6-BE01-E130521B17E4}.Release|x64.ActiveCfg = Release|x64
		{5D94C61F-CB1E-38C6-BE01-E130521B17E4}.Release|x64.Build.0 = Release|x64
		{5D94C61F-CB1E-38C6-BE01-E130521B17E4}.MinSizeRel|x64.ActiveCfg = MinSizeRel|x64
		{5D94C61F-CB1E-38C6-BE01-E130521B17E4}.MinSizeRel|x64.Build.0 = MinSizeRel|x64
		{5D94C61F-CB1E-38C6-BE01-E130521B17E4}.RelWithDebInfo|x64.ActiveCfg = RelWithDebInfo|x64
		{5D94C61F-CB1E-38C6-BE01-E130521B17E4}.RelWithDebInfo|x64.Build.0 = RelWithDebInfo|x64
		{4D70C779-45CB-39E1-BD2F-4270207EF1C0}.Debug|x64.ActiveCfg = Debug|x64
		{4D70C779-45CB-39E1-BD2F-4270207EF1C0}.Debug|x64.Build.0 = Debug|x64
		{4D70C779-45CB-39E1-BD2F-4270207EF1C0}.Release|x64.ActiveCfg = Release|x64
		{4D70C779-45CB-39E1-BD2F-4270207EF1C0}.Release|x64.Build.0 = Release|x64
		{4D70C779-45CB-39E1-BD2F-4270207EF1C0}.MinSizeRel|x64.ActiveCfg = MinSizeRel|x64
		{4D70C779-45CB-39E1-BD2F-4270207EF1C0}.MinSizeRel|x64.Build.0 = MinSizeRel|x64
		{4D70C779-45CB-39E1-BD2F-4270207EF1C0}.RelWithDebInfo|x64.ActiveCfg = RelWithDebInfo|x64
		{4D70C779-45CB-39E1-BD2F-4270207EF1C0}.RelWithDebInfo|x64.Build.0 = RelWithDebInfo|x64
		{0FFFC47F-AEB6-3936-8BE6-6999153100D1}.Debug|x64.ActiveCfg = Debug|x64
		{0FFFC47F-AEB6-3936-8BE6-6999153100D1}.Debug|x64.Build.0 = Debug|x64
		{0FFFC47F-AEB6-3936-8BE6-6999153100D1}.Release|x64.ActiveCfg = Release|x64
		{0FFFC47F-AEB6-3936-8BE6-6999153100D1}.Release|x64.Build.0 = Release|x64
		{0FFFC47F-AEB6-3936-8BE6-6999153100D1}.MinSizeRel|x64.ActiveCfg = MinSizeRel|x64
		{0FFFC47F-AEB6-3936-8BE6-6999153100D1}.MinSizeRel|x64.Build.0 = MinSizeRel|x64
		{0FFFC47F-AEB6-3936-8BE6-6999153100D1}.RelWithDebInfo|x64.ActiveCfg = RelWithDebInfo|x64
		{0FFFC47F-AEB6-3936-8BE6-6999153100D1}.RelWithDebInfo|x64.Build.0 = RelWithDebInfo|x64
		{DBBFB6CE-A4BB-3DC2-9977-FFAF7A3A0E08}.Debug|x64.ActiveCfg = Debug|x64
		{DBBFB6CE-A4BB-3DC2-9977-FFAF7A3A0E08}.Debug|x64.Build.0 = Debug|x64
		{DBBFB6CE-A4BB-3DC2-9977-FFAF7A3A0E08}.Release|x64.ActiveCfg = Release|x64
		{DBBFB6CE-A4BB-3DC2-9977-FFAF7A3A0E08}.Release|x64.Build.0 = Release|x64
		{DBBFB6CE-A4BB-3DC2-9977-FFAF7A3A0E08}.MinSizeRel|x64.ActiveCfg = MinSizeRel|x64
		{DBBFB6CE-A4BB-3DC2-9977-FFAF7A3A0E08}.MinSizeRel|x64.Build.0 = MinSizeRel|x64
		{DBBFB6CE-A4BB-3DC2-9977-FFAF7A3A0E08}.RelWithDebInfo|x64.ActiveCfg = RelWithDebInfo|x64
		{DBBFB6CE-A4BB-3DC2-9977-FFAF7A3A0E08}.RelWithDebInfo|x64.Build.0 = RelWithDebInfo|x64
		{B13CC9C4-B082-3554-8180-9FC6F95E279A}.Debug|x64.ActiveCfg = Debug|x64
		{B13CC9C4-B082-3554-8180-9FC6F95E279A}.Debug|x64.Build.0 = Debug|x64
		{B13CC9C4-B082-3554-8180-9FC6F95E279A}.Release|x64.ActiveCfg = Release|x64
		{B13CC9C4-B082-3554-8180-9FC6F95E279A}.Release|x64.Build.0 = Release|x64
		{B13CC9C4-B082-3554-8180-9FC6F95E279A}.MinSizeRel|x64.ActiveCfg = MinSizeRel|x64
		{B13CC9C4-B082-3554-8180-9FC6F95E279A}.MinSizeRel|x64.Build.0 = MinSizeRel|x64
		{B13CC9C4-B082-3554-8180-9FC6F95E279A}.RelWithDebInfo|x64.ActiveCfg = RelWithDebInfo|x64
		{B13CC9C4-B082-3554-8180-9FC6F95E279A}.RelWithDebInfo|x64.Build.0 = RelWithDebInfo|x64
		{D624CF14-EF58-3F7C-865D-97534ABB6E52}.Debug|x64.ActiveCfg = Debug|x64
		{D624CF14-EF58-3F7C-865D-97534ABB6E52}.Debug|x64.Build.0 = Debug|x64
		{D624CF14-EF58-3F7C-865D-97534ABB6E52}.Release|x64.ActiveCfg = Release|x64
		{D624CF14-EF58-3F7C-865D-97534ABB6E52}.Release|x64.Build.0 = Release|x64
		{D624CF14-EF58-3F7C-865D-97534ABB6E52}.MinSizeRel|x64.ActiveCfg = MinSizeRel|x64
		{D624CF14-EF58-3F7C-865D-97534ABB6E52}.MinSizeRel|x64.Build.0 = MinSizeRel|x64
		{D624CF14-EF58-3F7C-865D-97534ABB6E52}.RelWithDebInfo|x64.ActiveCfg = RelWithDebInfo|x64
		{D624CF14-EF58-3F7C-865D-97534ABB6E52}.RelWithDebInfo|x64.Build.0 = RelWithDebInfo|x64
		{23640FA6-8C51-3B8D-A8AA-CD336A27BD03}.Debug|x64.ActiveCfg = Debug|x64
		{23640FA6-8C51-3B8D-A8AA-CD336A27BD03}.Debug|x64.Build.0 = Debug|x64
		{23640FA6-8C51-3B8D-A8AA-CD336A27BD03}.Release|x64.ActiveCfg = Release|x64
		{23640FA6-8C51-3B8D-A8AA-CD336A27BD03}.Release|x64.Build.0 = Release|x64
		{23640FA6-8C51-3B8D-A8AA-CD336A27BD03}.MinSizeRel|x64.ActiveCfg = MinSizeRel|x64
		{23640FA6-8C51-3B8D-A8AA-CD336A27BD03}.MinSizeRel|x64.Build.0 = MinSizeRel|x64
		{23640FA6-8C51-3B8D-A8AA-CD336A27BD03}.RelWithDebInfo|x64.ActiveCfg = RelWithDebInfo|x64
		{23640FA6-8C51-3B8D-A8AA-CD336A27BD03}.RelWithDebInfo|x64.Build.0 = RelWithDebInfo|x64
		{392F30DB-75C0-3708-AF88-1F011FD27EFA}.Debug|x64.ActiveCfg = Debug|x64
		{392F30DB-75C0-3708-AF88-1F011FD27EFA}.Debug|x64.Build.0 = Debug|x64
		{392F30DB-75C0-3708-AF88-1F011FD27EFA}.Release|x64.ActiveCfg = Release|x64
		{392F30DB-75C0-3708-AF88-1F011FD27EFA}.Release|x64.Build.0 = Release|x64
		{392F30DB-75C0-3708-AF88-1F011FD27EFA}.MinSizeRel|x64.ActiveCfg = MinSizeRel|x64
		{392F30DB-75C0-3708-AF88-1F011FD27EFA}.MinSizeRel|x64.Build.0 = MinSizeRel|x64
		{392F30DB-75C0-3708-AF88-1F011FD27EFA}.RelWithDebInfo|x64.ActiveCfg = RelWithDebInfo|x64
		{392F30DB-75C0-3708-AF88-1F011FD27EFA}.RelWithDebInfo|x64.Build.0 = RelWithDebInfo|x64
		{333E6ECF-A2A6-3F5A-B217-ED77CAC969F7}.Debug|x64.ActiveCfg = Debug|x64
		{333E6ECF-A2A6-3F5A-B217-ED77CAC969F7}.Debug|x64.Build.0 = Debug|x64
		{333E6ECF-A2A6-3F5A-B217-ED77CAC969F7}.Release|x64.ActiveCfg = Release|x64
		{333E6ECF-A2A6-3F5A-B217-ED77CAC969F7}.Release|x64.Build.0 = Release|x64
		{333E6ECF-A2A6-3F5A-B217-ED77CAC969F7}.MinSizeRel|x64.ActiveCfg = MinSizeRel|x64
		{333E6ECF-A2A6-3F5A-B217-ED77CAC969F7}.MinSizeRel|x64.Build.0 = MinSizeRel|x64
		{333E6ECF-A2A6-3F5A-B217-ED77CAC969F7}.RelWithDebInfo|x64.ActiveCfg = RelWithDebInfo|x64
		{333E6ECF-A2A6-3F5A-B217-ED77CAC969F7}.RelWithDebInfo|x64.Build.0 = RelWithDebInfo|x64
		{76BBF921-E07D-3E8E-8659-2B95749B16CC}.Debug|x64.ActiveCfg = Debug|x64
		{76BBF921-E07D-3E8E-8659-2B95749B16CC}.Debug|x64.Build.0 = Debug|x64
		{76BBF921-E07D-3E8E-8659-2B95749B16CC}.Release|x64.ActiveCfg = Release|x64
		{76BBF921-E07D-3E8E-8659-2B95749B16CC}.Release|x64.Build.0 = Release|x64
		{76BBF921-E07D-3E8E-8659-2B95749B16CC}.MinSizeRel|x64.ActiveCfg = MinSizeRel|x64
		{76BBF921-E07D-3E8E-8659-2B95749B16CC}.MinSizeRel|x64.Build.0 = MinSizeRel|x64
		{76BBF921-E07D-3E8E-8659-2B95749B16CC}.RelWithDebInfo|x64.ActiveCfg = RelWithDebInfo|x64
		{76BBF921-E07D-3E8E-8659-2B95749B16CC}.RelWithDebInfo|x64.Build.0 = RelWithDebInfo|x64
		{F587DD59-5870-308E-A44C-6F0EF73F237E}.Debug|x64.ActiveCfg = Debug|x64
		{F587DD59-5870-308E-A44C-6F0EF73F237E}.Debug|x64.Build.0 = Debug|x64
		{F587DD59-5870-308E-A44C-6F0EF73F237E}.Release|x64.ActiveCfg = Release|x64
		{F587DD59-5870-308E-A44C-6F0EF73F237E}.Release|x64.Build.0 = Release|x64
		{F587DD59-5870-308E-A44C-6F0EF73F237E}.MinSizeRel|x64.ActiveCfg = MinSizeRel|x64
		{F587DD59-5870-308E-A44C-6F0EF73F237E}.MinSizeRel|x64.Build.0 = MinSizeRel|x64
		{F587DD59-5870-308E-A44C-6F0EF73F237E}.RelWithDebInfo|x64.ActiveCfg = RelWithDebInfo|x64
		{F587DD59-5870-308E-A44C-6F0EF73F237E}.RelWithDebInfo|x64.Build.0 = RelWithDebInfo|x64
		{88F8E15C-FAD5-3957-AE77-CF5352440DCD}.Debug|x64.ActiveCfg = Debug|x64
		{88F8E15C-FAD5-3957-AE77-CF5352440DCD}.Debug|x64.Build.0 = Debug|x64
		{88F8E15C-FAD5-3957-AE77-CF5352440DCD}.Release|x64.ActiveCfg = Release|x64
		{88F8E15C-FAD5-3957-AE77-CF5352440DCD}.Release|x64.Build.0 = Release|x64
		{88F8E15C-FAD5-3957-AE77-CF5352440DCD}.MinSizeRel|x64.ActiveCfg = MinSizeRel|x64
		{88F8E15C-FAD5-3957-AE77-CF5352440DCD}.MinSizeRel|x64.Build.0 = MinSizeRel|x64
		{88F8E15C-FAD5-3957-AE77-CF5352440DCD}.RelWithDebInfo|x64.ActiveCfg = RelWithDebInfo|x64
		{88F8E15C-FAD5-3957-AE77-CF5352440DCD}.RelWithDebInfo|x64.Build.0 = RelWithDebInfo|x64
		{3B2B434B-0430-3559-8AFA-B99B9800598D}.Debug|x64.ActiveCfg = Debug|x64
		{3B2B434B-0430-3559-8AFA-B99B9800598D}.Debug|x64.Build.0 = Debug|x64
		{3B2B434B-0430-3559-8AFA-B99B9800598D}.Release|x64.ActiveCfg = Release|x64
		{3B2B434B-0430-3559-8AFA-B99B9800598D}.Release|x64.Build.0 = Release|x64
		{3B2B434B-0430-3559-8AFA-B99B9800598D}.MinSizeRel|x64.ActiveCfg = MinSizeRel|x64
		{3B2B434B-0430-3559-8AFA-B99B9800598D}.MinSizeRel|x64.Build.0 = MinSizeRel|x64
		{3B2B434B-0430-3559-8AFA-B99B9800598D}.RelWithDebInfo|x64.ActiveCfg = RelWithDebInfo|x64
		{3B2B434B-0430-3559-8AFA-B99B9800598D}.RelWithDebInfo|x64.Build.0 = RelWithDebInfo|x64
		{A791A62E-1E39-3A98-B060-6348571CBD7E}.Debug|x64.ActiveCfg = Debug|x64
		{A791A62E-1E39-3A98-B060-6348571CBD7E}.Debug|x64.Build.0 = Debug|x64
		{A791A62E-1E39-3A98-B060-6348571CBD7E}.Release|x64.ActiveCfg = Release|x64
		{A791A62E-1E39-3A98-B060-6348571CBD7E}.Release|x64.Build.0 = Release|x64
		{A791A62E-1E39-3A98-B060-6348571CBD7E}.MinSizeRel|x64.ActiveCfg = MinSizeRel|x64
		{A791A62E-1E39-3A98-B060-6348571CBD7E}.MinSizeRel|x64.Build.0 = MinSizeRel|x64
		{A791A62E-1E39-3A98-B060-6348571CBD7E}.RelWithDebInfo|x64.ActiveCfg = RelWithDebInfo|x64
		{A791A62E-1E39-3A98-B060-6348571CBD7E}.RelWithDebInfo|x64.Build.0 = RelWithDebInfo|x64
		{018DE2FD-9AEA-3604-88D0-7EE21C382E89}.Debug|x64.ActiveCfg = Debug|x64
		{018DE2FD-9AEA-3604-88D0-7EE21C382E89}.Debug|x64.Build.0 = Debug|x64
		{018DE2FD-9AEA-3604-88D0-7EE21C382E89}.Release|x64.ActiveCfg = Release|x64
		{018DE2FD-9AEA-3604-88D0-7EE21C382E89}.Release|x64.Build.0 = Release|x64
		{018DE2FD-9AEA-3604-88D0-7EE21C382E89}.MinSizeRel|x64.ActiveCfg = MinSizeRel|x64
		{018DE2FD-9AEA-3604-88D0-7EE21C382E89}.MinSizeRel|x64.Build.0 = MinSizeRel|x64
		{018DE2FD-9AEA-3604-88D0-7EE21C382E89}.RelWithDebInfo|x64.ActiveCfg = RelWithDebInfo|x64
		{018DE2FD-9AEA-3604-88D0-7EE21C382E89}.RelWithDebInfo|x64.Build.0 = RelWithDebInfo|x64
		{13B6DF72-47FC-30F2-AF89-03A36B66A406}.Debug|x64.ActiveCfg = Debug|x64
		{13B6DF72-47FC-30F2-AF89-03A36B66A406}.Debug|x64.Build.0 = Debug|x64
		{13B6DF72-47FC-30F2-AF89-03A36B66A406}.Release|x64.ActiveCfg = Release|x64
		{13B6DF72-47FC-30F2-AF89-03A36B66A406}.Release|x64.Build.0 = Release|x64
		{13B6DF72-47FC-30F2-AF89-03A36B66A406}.MinSizeRel|x64.ActiveCfg = MinSizeRel|x64
		{13B6DF72-47FC-30F2-AF89-03A36B66A406}.MinSizeRel|x64.Build.0 = MinSizeRel|x64
		{13B6DF72-47FC-30F2-AF89-03A36B66A406}.RelWithDebInfo|x64.ActiveCfg = RelWithDebInfo|x64
		{13B6DF72-47FC-30F2-AF89-03A36B66A406}.RelWithDebInfo|x64.Build.0 = RelWithDebInfo|x64
		{74382A7F-BB39-3070-A823-EFCB66A63E98}.Debug|x64.ActiveCfg = Debug|x64
		{74382A7F-BB39-3070-A823-EFCB66A63E98}.Debug|x64.Build.0 = Debug|x64
		{74382A7F-BB39-3070-A823-EFCB66A63E98}.Release|x64.ActiveCfg = Release|x64
		{74382A7F-BB39-3070-A823-EFCB66A63E98}.Release|x64.Build.0 = Release|x64
		{74382A7F-BB39-3070-A823-EFCB66A63E98}.MinSizeRel|x64.ActiveCfg = MinSizeRel|x64
		{74382A7F-BB39-3070-A823-EFCB66A63E98}.MinSizeRel|x64.Build.0 = MinSizeRel|x64
		{74382A7F-BB39-3070-A823-EFCB66A63E98}.RelWithDebInfo|x64.ActiveCfg = RelWithDebInfo|x64
		{74382A7F-BB39-3070-A823-EFCB66A63E98}.RelWithDebInfo|x64.Build.0 = RelWithDebInfo|x64
		{3326578B-5643-3501-B31B-5BA4D84978A5}.Debug|x64.ActiveCfg = Debug|x64
		{3326578B-5643-3501-B31B-5BA4D84978A5}.Debug|x64.Build.0 = Debug|x64
		{3326578B-5643-3501-B31B-5BA4D84978A5}.Release|x64.ActiveCfg = Release|x64
		{3326578B-5643-3501-B31B-5BA4D84978A5}.Release|x64.Build.0 = Release|x64
		{3326578B-5643-3501-B31B-5BA4D84978A5}.MinSizeRel|x64.ActiveCfg = MinSizeRel|x64
		{3326578B-5643-3501-B31B-5BA4D84978A5}.MinSizeRel|x64.Build.0 = MinSizeRel|x64
		{3326578B-5643-3501-B31B-5BA4D84978A5}.RelWithDebInfo|x64.ActiveCfg = RelWithDebInfo|x64
		{3326578B-5643-3501-B31B-5BA4D84978A5}.RelWithDebInfo|x64.Build.0 = RelWithDebInfo|x64
		{95CC9FCB-AB09-3A87-916A-A034F5A9DAE8}.Debug|x64.ActiveCfg = Debug|x64
		{95CC9FCB-AB09-3A87-916A-A034F5A9DAE8}.Debug|x64.Build.0 = Debug|x64
		{95CC9FCB-AB09-3A87-916A-A034F5A9DAE8}.Release|x64.ActiveCfg = Release|x64
		{95CC9FCB-AB09-3A87-916A-A034F5A9DAE8}.Release|x64.Build.0 = Release|x64
		{95CC9FCB-AB09-3A87-916A-A034F5A9DAE8}.MinSizeRel|x64.ActiveCfg = MinSizeRel|x64
		{95CC9FCB-AB09-3A87-916A-A034F5A9DAE8}.MinSizeRel|x64.Build.0 = MinSizeRel|x64
		{95CC9FCB-AB09-3A87-916A-A034F5A9DAE8}.RelWithDebInfo|x64.ActiveCfg = RelWithDebInfo|x64
		{95CC9FCB-AB09-3A87-916A-A034F5A9DAE8}.RelWithDebInfo|x64.Build.0 = RelWithDebInfo|x64
		{F7497AB9-9861-30CD-9745-034485E97A07}.Debug|x64.ActiveCfg = Debug|x64
		{F7497AB9-9861-30CD-9745-034485E97A07}.Debug|x64.Build.0 = Debug|x64
		{F7497AB9-9861-30CD-9745-034485E97A07}.Release|x64.ActiveCfg = Release|x64
		{F7497AB9-9861-30CD-9745-034485E97A07}.Release|x64.Build.0 = Release|x64
		{F7497AB9-9861-30CD-9745-034485E97A07}.MinSizeRel|x64.ActiveCfg = MinSizeRel|x64
		{F7497AB9-9861-30CD-9745-034485E97A07}.MinSizeRel|x64.Build.0 = MinSizeRel|x64
		{F7497AB9-9861-30CD-9745-034485E97A07}.RelWithDebInfo|x64.ActiveCfg = RelWithDebInfo|x64
		{F7497AB9-9861-30CD-9745-034485E97A07}.RelWithDebInfo|x64.Build.0 = RelWithDebInfo|x64
		{2DE6D1A5-A039-3621-8952-C28F1532BA47}.Debug|x64.ActiveCfg = Debug|x64
		{2DE6D1A5-A039-3621-8952-C28F1532BA47}.Debug|x64.Build.0 = Debug|x64
		{2DE6D1A5-A039-3621-8952-C28F1532BA47}.Release|x64.ActiveCfg = Release|x64
		{2DE6D1A5-A039-3621-8952-C28F1532BA47}.Release|x64.Build.0 = Release|x64
		{2DE6D1A5-A039-3621-8952-C28F1532BA47}.MinSizeRel|x64.ActiveCfg = MinSizeRel|x64
		{2DE6D1A5-A039-3621-8952-C28F1532BA47}.MinSizeRel|x64.Build.0 = MinSizeRel|x64
		{2DE6D1A5-A039-3621-8952-C28F1532BA47}.RelWithDebInfo|x64.ActiveCfg = RelWithDebInfo|x64
		{2DE6D1A5-A039-3621-8952-C28F1532BA47}.RelWithDebInfo|x64.Build.0 = RelWithDebInfo|x64
		{363E1922-17AD-3294-A37B-47357A29FEB1}.Debug|x64.ActiveCfg = Debug|x64
		{363E1922-17AD-3294-A37B-47357A29FEB1}.Debug|x64.Build.0 = Debug|x64
		{363E1922-17AD-3294-A37B-47357A29FEB1}.Release|x64.ActiveCfg = Release|x64
		{363E1922-17AD-3294-A37B-47357A29FEB1}.Release|x64.Build.0 = Release|x64
		{363E1922-17AD-3294-A37B-47357A29FEB1}.MinSizeRel|x64.ActiveCfg = MinSizeRel|x64
		{363E1922-17AD-3294-A37B-47357A29FEB1}.MinSizeRel|x64.Build.0 = MinSizeRel|x64
		{363E1922-17AD-3294-A37B-47357A29FEB1}.RelWithDebInfo|x64.ActiveCfg = RelWithDebInfo|x64
		{363E1922-17AD-3294-A37B-47357A29FEB1}.RelWithDebInfo|x64.Build.0 = RelWithDebInfo|x64
		{15B2CE61-79FF-3B6E-8503-DF13D5B5C6BB}.Debug|x64.ActiveCfg = Debug|x64
		{15B2CE61-79FF-3B6E-8503-DF13D5B5C6BB}.Debug|x64.Build.0 = Debug|x64
		{15B2CE61-79FF-3B6E-8503-DF13D5B5C6BB}.Release|x64.ActiveCfg = Release|x64
		{15B2CE61-79FF-3B6E-8503-DF13D5B5C6BB}.Release|x64.Build.0 = Release|x64
		{15B2CE61-79FF-3B6E-8503-DF13D5B5C6BB}.MinSizeRel|x64.ActiveCfg = MinSizeRel|x64
		{15B2CE61-79FF-3B6E-8503-DF13D5B5C6BB}.MinSizeRel|x64.Build.0 = MinSizeRel|x64
		{15B2CE61-79FF-3B6E-8503-DF13D5B5C6BB}.RelWithDebInfo|x64.ActiveCfg = RelWithDebInfo|x64
		{15B2CE61-79FF-3B6E-8503-DF13D5B5C6BB}.RelWithDebInfo|x64.Build.0 = RelWithDebInfo|x64
		{FD8BA27A-6CC1-3750-BE4D-F376B49B2501}.Debug|x64.ActiveCfg = Debug|x64
		{FD8BA27A-6CC1-3750-BE4D-F376B49B2501}.Debug|x64.Build.0 = Debug|x64
		{FD8BA27A-6CC1-3750-BE4D-F376B49B2501}.Release|x64.ActiveCfg = Release|x64
		{FD8BA27A-6CC1-3750-BE4D-F376B49B2501}.Release|x64.Build.0 = Release|x64
		{FD8BA27A-6CC1-3750-BE4D-F376B49B2501}.MinSizeRel|x64.ActiveCfg = MinSizeRel|x64
		{FD8BA27A-6CC1-3750-BE4D-F376B49B2501}.MinSizeRel|x64.Build.0 = MinSizeRel|x64
		{FD8BA27A-6CC1-3750-BE4D-F376B49B2501}.RelWithDebInfo|x64.ActiveCfg = RelWithDebInfo|x64
		{FD8BA27A-6CC1-3750-BE4D-F376B49B2501}.RelWithDebInfo|x64.Build.0 = RelWithDebInfo|x64
		{A875A103-A95A-3BCC-88BE-5799E1330236}.Debug|x64.ActiveCfg = Debug|x64
		{A875A103-A95A-3BCC-88BE-5799E1330236}.Debug|x64.Build.0 = Debug|x64
		{A875A103-A95A-3BCC-88BE-5799E1330236}.Release|x64.ActiveCfg = Release|x64
		{A875A103-A95A-3BCC-88BE-5799E1330236}.Release|x64.Build.0 = Release|x64
		{A875A103-A95A-3BCC-88BE-5799E1330236}.MinSizeRel|x64.ActiveCfg = MinSizeRel|x64
		{A875A103-A95A-3BCC-88BE-5799E1330236}.MinSizeRel|x64.Build.0 = MinSizeRel|x64
		{A875A103-A95A-3BCC-88BE-5799E1330236}.RelWithDebInfo|x64.ActiveCfg = RelWithDebInfo|x64
		{A875A103-A95A-3BCC-88BE-5799E1330236}.RelWithDebInfo|x64.Build.0 = RelWithDebInfo|x64
		{58EA7031-45B8-34C5-9173-DD20589C0777}.Debug|x64.ActiveCfg = Debug|x64
		{58EA7031-45B8-34C5-9173-DD20589C0777}.Debug|x64.Build.0 = Debug|x64
		{58EA7031-45B8-34C5-9173-DD20589C0777}.Release|x64.ActiveCfg = Release|x64
		{58EA7031-45B8-34C5-9173-DD20589C0777}.Release|x64.Build.0 = Release|x64
		{58EA7031-45B8-34C5-9173-DD20589C0777}.MinSizeRel|x64.ActiveCfg = MinSizeRel|x64
		{58EA7031-45B8-34C5-9173-DD20589C0777}.MinSizeRel|x64.Build.0 = MinSizeRel|x64
		{58EA7031-45B8-34C5-9173-DD20589C0777}.RelWithDebInfo|x64.ActiveCfg = RelWithDebInfo|x64
		{58EA7031-45B8-34C5-9173-DD20589C0777}.RelWithDebInfo|x64.Build.0 = RelWithDebInfo|x64
		{E33C5D3C-0DB0-397E-A41C-F1AF2FEC0C88}.Debug|x64.ActiveCfg = Debug|x64
		{E33C5D3C-0DB0-397E-A41C-F1AF2FEC0C88}.Debug|x64.Build.0 = Debug|x64
		{E33C5D3C-0DB0-397E-A41C-F1AF2FEC0C88}.Release|x64.ActiveCfg = Release|x64
		{E33C5D3C-0DB0-397E-A41C-F1AF2FEC0C88}.Release|x64.Build.0 = Release|x64
		{E33C5D3C-0DB0-397E-A41C-F1AF2FEC0C88}.MinSizeRel|x64.ActiveCfg = MinSizeRel|x64
		{E33C5D3C-0DB0-397E-A41C-F1AF2FEC0C88}.MinSizeRel|x64.Build.0 = MinSizeRel|x64
		{E33C5D3C-0DB0-397E-A41C-F1AF2FEC0C88}.RelWithDebInfo|x64.ActiveCfg = RelWithDebInfo|x64
		{E33C5D3C-0DB0-397E-A41C-F1AF2FEC0C88}.RelWithDebInfo|x64.Build.0 = RelWithDebInfo|x64
		{55BBE3EA-372D-347B-BE8E-5F316B881287}.Debug|x64.ActiveCfg = Debug|x64
		{55BBE3EA-372D-347B-BE8E-5F316B881287}.Debug|x64.Build.0 = Debug|x64
		{55BBE3EA-372D-347B-BE8E-5F316B881287}.Release|x64.ActiveCfg = Release|x64
		{55BBE3EA-372D-347B-BE8E-5F316B881287}.Release|x64.Build.0 = Release|x64
		{55BBE3EA-372D-347B-BE8E-5F316B881287}.MinSizeRel|x64.ActiveCfg = MinSizeRel|x64
		{55BBE3EA-372D-347B-BE8E-5F316B881287}.MinSizeRel|x64.Build.0 = MinSizeRel|x64
		{55BBE3EA-372D-347B-BE8E-5F316B881287}.RelWithDebInfo|x64.ActiveCfg = RelWithDebInfo|x64
		{55BBE3EA-372D-347B-BE8E-5F316B881287}.RelWithDebInfo|x64.Build.0 = RelWithDebInfo|x64
		{4D2F3A05-F924-3C7C-ADC2-8D0C07723F66}.Debug|x64.ActiveCfg = Debug|x64
		{4D2F3A05-F924-3C7C-ADC2-8D0C07723F66}.Debug|x64.Build.0 = Debug|x64
		{4D2F3A05-F924-3C7C-ADC2-8D0C07723F66}.Release|x64.ActiveCfg = Release|x64
		{4D2F3A05-F924-3C7C-ADC2-8D0C07723F66}.Release|x64.Build.0 = Release|x64
		{4D2F3A05-F924-3C7C-ADC2-8D0C07723F66}.MinSizeRel|x64.ActiveCfg = MinSizeRel|x64
		{4D2F3A05-F924-3C7C-ADC2-8D0C07723F66}.MinSizeRel|x64.Build.0 = MinSizeRel|x64
		{4D2F3A05-F924-3C7C-ADC2-8D0C07723F66}.RelWithDebInfo|x64.ActiveCfg = RelWithDebInfo|x64
		{4D2F3A05-F924-3C7C-ADC2-8D0C07723F66}.RelWithDebInfo|x64.Build.0 = RelWithDebInfo|x64
		{AB85DB3B-ADCB-3D19-AC45-ED012FD8B5FB}.Debug|x64.ActiveCfg = Debug|x64
		{AB85DB3B-ADCB-3D19-AC45-ED012FD8B5FB}.Debug|x64.Build.0 = Debug|x64
		{AB85DB3B-ADCB-3D19-AC45-ED012FD8B5FB}.Release|x64.ActiveCfg = Release|x64
		{AB85DB3B-ADCB-3D19-AC45-ED012FD8B5FB}.Release|x64.Build.0 = Release|x64
		{AB85DB3B-ADCB-3D19-AC45-ED012FD8B5FB}.MinSizeRel|x64.ActiveCfg = MinSizeRel|x64
		{AB85DB3B-ADCB-3D19-AC45-ED012FD8B5FB}.MinSizeRel|x64.Build.0 = MinSizeRel|x64
		{AB85DB3B-ADCB-3D19-AC45-ED012FD8B5FB}.RelWithDebInfo|x64.ActiveCfg = RelWithDebInfo|x64
		{AB85DB3B-ADCB-3D19-AC45-ED012FD8B5FB}.RelWithDebInfo|x64.Build.0 = RelWithDebInfo|x64
		{ADB75AE6-EF54-30B7-8B94-6B2C8BD2E1B4}.Debug|x64.ActiveCfg = Debug|x64
		{ADB75AE6-EF54-30B7-8B94-6B2C8BD2E1B4}.Debug|x64.Build.0 = Debug|x64
		{ADB75AE6-EF54-30B7-8B94-6B2C8BD2E1B4}.Release|x64.ActiveCfg = Release|x64
		{ADB75AE6-EF54-30B7-8B94-6B2C8BD2E1B4}.Release|x64.Build.0 = Release|x64
		{ADB75AE6-EF54-30B7-8B94-6B2C8BD2E1B4}.MinSizeRel|x64.ActiveCfg = MinSizeRel|x64
		{ADB75AE6-EF54-30B7-8B94-6B2C8BD2E1B4}.MinSizeRel|x64.Build.0 = MinSizeRel|x64
		{ADB75AE6-EF54-30B7-8B94-6B2C8BD2E1B4}.RelWithDebInfo|x64.ActiveCfg = RelWithDebInfo|x64
		{ADB75AE6-EF54-30B7-8B94-6B2C8BD2E1B4}.RelWithDebInfo|x64.Build.0 = RelWithDebInfo|x64
		{0803FBE3-38C7-30AA-9E37-06A682DA1E55}.Debug|x64.ActiveCfg = Debug|x64
		{0803FBE3-38C7-30AA-9E37-06A682DA1E55}.Debug|x64.Build.0 = Debug|x64
		{0803FBE3-38C7-30AA-9E37-06A682DA1E55}.Release|x64.ActiveCfg = Release|x64
		{0803FBE3-38C7-30AA-9E37-06A682DA1E55}.Release|x64.Build.0 = Release|x64
		{0803FBE3-38C7-30AA-9E37-06A682DA1E55}.MinSizeRel|x64.ActiveCfg = MinSizeRel|x64
		{0803FBE3-38C7-30AA-9E37-06A682DA1E55}.MinSizeRel|x64.Build.0 = MinSizeRel|x64
		{0803FBE3-38C7-30AA-9E37-06A682DA1E55}.RelWithDebInfo|x64.ActiveCfg = RelWithDebInfo|x64
		{0803FBE3-38C7-30AA-9E37-06A682DA1E55}.RelWithDebInfo|x64.Build.0 = RelWithDebInfo|x64
		{8F9BE2E8-1759-3D5C-B6C9-E3D23F7F9C10}.Debug|x64.ActiveCfg = Debug|x64
		{8F9BE2E8-1759-3D5C-B6C9-E3D23F7F9C10}.Debug|x64.Build.0 = Debug|x64
		{8F9BE2E8-1759-3D5C-B6C9-E3D23F7F9C10}.Release|x64.ActiveCfg = Release|x64
		{8F9BE2E8-1759-3D5C-B6C9-E3D23F7F9C10}.Release|x64.Build.0 = Release|x64
		{8F9BE2E8-1759-3D5C-B6C9-E3D23F7F9C10}.MinSizeRel|x64.ActiveCfg = MinSizeRel|x64
		{8F9BE2E8-1759-3D5C-B6C9-E3D23F7F9C10}.MinSizeRel|x64.Build.0 = MinSizeRel|x64
		{8F9BE2E8-1759-3D5C-B6C9-E3D23F7F9C10}.RelWithDebInfo|x64.ActiveCfg = RelWithDebInfo|x64
		{8F9BE2E8-1759-3D5C-B6C9-E3D23F7F9C10}.RelWithDebInfo|x64.Build.0 = RelWithDebInfo|x64
		{559C4678-DFA7-357B-B31F-7DEDAD1AD696}.Debug|x64.ActiveCfg = Debug|x64
		{559C4678-DFA7-357B-B31F-7DEDAD1AD696}.Debug|x64.Build.0 = Debug|x64
		{559C4678-DFA7-357B-B31F-7DEDAD1AD696}.Release|x64.ActiveCfg = Release|x64
		{559C4678-DFA7-357B-B31F-7DEDAD1AD696}.Release|x64.Build.0 = Release|x64
		{559C4678-DFA7-357B-B31F-7DEDAD1AD696}.MinSizeRel|x64.ActiveCfg = MinSizeRel|x64
		{559C4678-DFA7-357B-B31F-7DEDAD1AD696}.MinSizeRel|x64.Build.0 = MinSizeRel|x64
		{559C4678-DFA7-357B-B31F-7DEDAD1AD696}.RelWithDebInfo|x64.ActiveCfg = RelWithDebInfo|x64
		{559C4678-DFA7-357B-B31F-7DEDAD1AD696}.RelWithDebInfo|x64.Build.0 = RelWithDebInfo|x64
		{92F4E00E-04D2-31A4-AEF4-F74A0C3BB9D4}.Debug|x64.ActiveCfg = Debug|x64
		{92F4E00E-04D2-31A4-AEF4-F74A0C3BB9D4}.Debug|x64.Build.0 = Debug|x64
		{92F4E00E-04D2-31A4-AEF4-F74A0C3BB9D4}.Release|x64.ActiveCfg = Release|x64
		{92F4E00E-04D2-31A4-AEF4-F74A0C3BB9D4}.Release|x64.Build.0 = Release|x64
		{92F4E00E-04D2-31A4-AEF4-F74A0C3BB9D4}.MinSizeRel|x64.ActiveCfg = MinSizeRel|x64
		{92F4E00E-04D2-31A4-AEF4-F74A0C3BB9D4}.MinSizeRel|x64.Build.0 = MinSizeRel|x64
		{92F4E00E-04D2-31A4-AEF4-F74A0C3BB9D4}.RelWithDebInfo|x64.ActiveCfg = RelWithDebInfo|x64
		{92F4E00E-04D2-31A4-AEF4-F74A0C3BB9D4}.RelWithDebInfo|x64.Build.0 = RelWithDebInfo|x64
		{5DAD40A4-07E6-3EBF-AB83-A5BD4FACFA39}.Debug|x64.ActiveCfg = Debug|x64
		{5DAD40A4-07E6-3EBF-AB83-A5BD4FACFA39}.Debug|x64.Build.0 = Debug|x64
		{5DAD40A4-07E6-3EBF-AB83-A5BD4FACFA39}.Release|x64.ActiveCfg = Release|x64
		{5DAD40A4-07E6-3EBF-AB83-A5BD4FACFA39}.Release|x64.Build.0 = Release|x64
		{5DAD40A4-07E6-3EBF-AB83-A5BD4FACFA39}.MinSizeRel|x64.ActiveCfg = MinSizeRel|x64
		{5DAD40A4-07E6-3EBF-AB83-A5BD4FACFA39}.MinSizeRel|x64.Build.0 = MinSizeRel|x64
		{5DAD40A4-07E6-3EBF-AB83-A5BD4FACFA39}.RelWithDebInfo|x64.ActiveCfg = RelWithDebInfo|x64
		{5DAD40A4-07E6-3EBF-AB83-A5BD4FACFA39}.RelWithDebInfo|x64.Build.0 = RelWithDebInfo|x64
		{1C1C8D2A-BC79-3E1E-B49A-C5E2AE77C93E}.Debug|x64.ActiveCfg = Debug|x64
		{1C1C8D2A-BC79-3E1E-B49A-C5E2AE77C93E}.Debug|x64.Build.0 = Debug|x64
		{1C1C8D2A-BC79-3E1E-B49A-C5E2AE77C93E}.Release|x64.ActiveCfg = Release|x64
		{1C1C8D2A-BC79-3E1E-B49A-C5E2AE77C93E}.Release|x64.Build.0 = Release|x64
		{1C1C8D2A-BC79-3E1E-B49A-C5E2AE77C93E}.MinSizeRel|x64.ActiveCfg = MinSizeRel|x64
		{1C1C8D2A-BC79-3E1E-B49A-C5E2AE77C93E}.MinSizeRel|x64.Build.0 = MinSizeRel|x64
		{1C1C8D2A-BC79-3E1E-B49A-C5E2AE77C93E}.RelWithDebInfo|x64.ActiveCfg = RelWithDebInfo|x64
		{1C1C8D2A-BC79-3E1E-B49A-C5E2AE77C93E}.RelWithDebInfo|x64.Build.0 = RelWithDebInfo|x64
		{3C12207E-BC12-34FF-8539-1D6AF7021F55}.Debug|x64.ActiveCfg = Debug|x64
		{3C12207E-BC12-34FF-8539-1D6AF7021F55}.Debug|x64.Build.0 = Debug|x64
		{3C12207E-BC12-34FF-8539-1D6AF7021F55}.Release|x64.ActiveCfg = Release|x64
		{3C12207E-BC12-34FF-8539-1D6AF7021F55}.Release|x64.Build.0 = Release|x64
		{3C12207E-BC12-34FF-8539-1D6AF7021F55}.MinSizeRel|x64.ActiveCfg = MinSizeRel|x64
		{3C12207E-BC12-34FF-8539-1D6AF7021F55}.MinSizeRel|x64.Build.0 = MinSizeRel|x64
		{3C12207E-BC12-34FF-8539-1D6AF7021F55}.RelWithDebInfo|x64.ActiveCfg = RelWithDebInfo|x64
		{3C12207E-BC12-34FF-8539-1D6AF7021F55}.RelWithDebInfo|x64.Build.0 = RelWithDebInfo|x64
		{11B7BF4E-C071-3023-AD4C-67A061F36502}.Debug|x64.ActiveCfg = Debug|x64
		{11B7BF4E-C071-3023-AD4C-67A061F36502}.Debug|x64.Build.0 = Debug|x64
		{11B7BF4E-C071-3023-AD4C-67A061F36502}.Release|x64.ActiveCfg = Release|x64
		{11B7BF4E-C071-3023-AD4C-67A061F36502}.Release|x64.Build.0 = Release|x64
		{11B7BF4E-C071-3023-AD4C-67A061F36502}.MinSizeRel|x64.ActiveCfg = MinSizeRel|x64
		{11B7BF4E-C071-3023-AD4C-67A061F36502}.MinSizeRel|x64.Build.0 = MinSizeRel|x64
		{11B7BF4E-C071-3023-AD4C-67A061F36502}.RelWithDebInfo|x64.ActiveCfg = RelWithDebInfo|x64
		{11B7BF4E-C071-3023-AD4C-67A061F36502}.RelWithDebInfo|x64.Build.0 = RelWithDebInfo|x64
		{7CF4468F-EE97-35E3-9A87-64EA20C16A10}.Debug|x64.ActiveCfg = Debug|x64
		{7CF4468F-EE97-35E3-9A87-64EA20C16A10}.Debug|x64.Build.0 = Debug|x64
		{7CF4468F-EE97-35E3-9A87-64EA20C16A10}.Release|x64.ActiveCfg = Release|x64
		{7CF4468F-EE97-35E3-9A87-64EA20C16A10}.Release|x64.Build.0 = Release|x64
		{7CF4468F-EE97-35E3-9A87-64EA20C16A10}.MinSizeRel|x64.ActiveCfg = MinSizeRel|x64
		{7CF4468F-EE97-35E3-9A87-64EA20C16A10}.MinSizeRel|x64.Build.0 = MinSizeRel|x64
		{7CF4468F-EE97-35E3-9A87-64EA20C16A10}.RelWithDebInfo|x64.ActiveCfg = RelWithDebInfo|x64
		{7CF4468F-EE97-35E3-9A87-64EA20C16A10}.RelWithDebInfo|x64.Build.0 = RelWithDebInfo|x64
		{D3A78F4C-5778-3839-97AB-6117CC37D92B}.Debug|x64.ActiveCfg = Debug|x64
		{D3A78F4C-5778-3839-97AB-6117CC37D92B}.Debug|x64.Build.0 = Debug|x64
		{D3A78F4C-5778-3839-97AB-6117CC37D92B}.Release|x64.ActiveCfg = Release|x64
		{D3A78F4C-5778-3839-97AB-6117CC37D92B}.Release|x64.Build.0 = Release|x64
		{D3A78F4C-5778-3839-97AB-6117CC37D92B}.MinSizeRel|x64.ActiveCfg = MinSizeRel|x64
		{D3A78F4C-5778-3839-97AB-6117CC37D92B}.MinSizeRel|x64.Build.0 = MinSizeRel|x64
		{D3A78F4C-5778-3839-97AB-6117CC37D92B}.RelWithDebInfo|x64.ActiveCfg = RelWithDebInfo|x64
		{D3A78F4C-5778-3839-97AB-6117CC37D92B}.RelWithDebInfo|x64.Build.0 = RelWithDebInfo|x64
		{47F68E7D-582D-3555-8773-2DE5AC1CC0A0}.Debug|x64.ActiveCfg = Debug|x64
		{47F68E7D-582D-3555-8773-2DE5AC1CC0A0}.Debug|x64.Build.0 = Debug|x64
		{47F68E7D-582D-3555-8773-2DE5AC1CC0A0}.Release|x64.ActiveCfg = Release|x64
		{47F68E7D-582D-3555-8773-2DE5AC1CC0A0}.Release|x64.Build.0 = Release|x64
		{47F68E7D-582D-3555-8773-2DE5AC1CC0A0}.MinSizeRel|x64.ActiveCfg = MinSizeRel|x64
		{47F68E7D-582D-3555-8773-2DE5AC1CC0A0}.MinSizeRel|x64.Build.0 = MinSizeRel|x64
		{47F68E7D-582D-3555-8773-2DE5AC1CC0A0}.RelWithDebInfo|x64.ActiveCfg = RelWithDebInfo|x64
		{47F68E7D-582D-3555-8773-2DE5AC1CC0A0}.RelWithDebInfo|x64.Build.0 = RelWithDebInfo|x64
		{9F2E59EA-D316-3817-9030-AA95B38B34D3}.Debug|x64.ActiveCfg = Debug|x64
		{9F2E59EA-D316-3817-9030-AA95B38B34D3}.Debug|x64.Build.0 = Debug|x64
		{9F2E59EA-D316-3817-9030-AA95B38B34D3}.Release|x64.ActiveCfg = Release|x64
		{9F2E59EA-D316-3817-9030-AA95B38B34D3}.Release|x64.Build.0 = Release|x64
		{9F2E59EA-D316-3817-9030-AA95B38B34D3}.MinSizeRel|x64.ActiveCfg = MinSizeRel|x64
		{9F2E59EA-D316-3817-9030-AA95B38B34D3}.MinSizeRel|x64.Build.0 = MinSizeRel|x64
		{9F2E59EA-D316-3817-9030-AA95B38B34D3}.RelWithDebInfo|x64.ActiveCfg = RelWithDebInfo|x64
		{9F2E59EA-D316-3817-9030-AA95B38B34D3}.RelWithDebInfo|x64.Build.0 = RelWithDebInfo|x64
		{A08A9F59-AE65-397D-8710-04D5FC808425}.Debug|x64.ActiveCfg = Debug|x64
		{A08A9F59-AE65-397D-8710-04D5FC808425}.Debug|x64.Build.0 = Debug|x64
		{A08A9F59-AE65-397D-8710-04D5FC808425}.Release|x64.ActiveCfg = Release|x64
		{A08A9F59-AE65-397D-8710-04D5FC808425}.Release|x64.Build.0 = Release|x64
		{A08A9F59-AE65-397D-8710-04D5FC808425}.MinSizeRel|x64.ActiveCfg = MinSizeRel|x64
		{A08A9F59-AE65-397D-8710-04D5FC808425}.MinSizeRel|x64.Build.0 = MinSizeRel|x64
		{A08A9F59-AE65-397D-8710-04D5FC808425}.RelWithDebInfo|x64.ActiveCfg = RelWithDebInfo|x64
		{A08A9F59-AE65-397D-8710-04D5FC808425}.RelWithDebInfo|x64.Build.0 = RelWithDebInfo|x64
		{735DADE3-D6BB-331F-B5CD-E326E4708BCA}.Debug|x64.ActiveCfg = Debug|x64
		{735DADE3-D6BB-331F-B5CD-E326E4708BCA}.Debug|x64.Build.0 = Debug|x64
		{735DADE3-D6BB-331F-B5CD-E326E4708BCA}.Release|x64.ActiveCfg = Release|x64
		{735DADE3-D6BB-331F-B5CD-E326E4708BCA}.Release|x64.Build.0 = Release|x64
		{735DADE3-D6BB-331F-B5CD-E326E4708BCA}.MinSizeRel|x64.ActiveCfg = MinSizeRel|x64
		{735DADE3-D6BB-331F-B5CD-E326E4708BCA}.MinSizeRel|x64.Build.0 = MinSizeRel|x64
		{735DADE3-D6BB-331F-B5CD-E326E4708BCA}.RelWithDebInfo|x64.ActiveCfg = RelWithDebInfo|x64
		{735DADE3-D6BB-331F-B5CD-E326E4708BCA}.RelWithDebInfo|x64.Build.0 = RelWithDebInfo|x64
		{6E3D5A3A-160F-3844-88C7-3F0E014634BA}.Debug|x64.ActiveCfg = Debug|x64
		{6E3D5A3A-160F-3844-88C7-3F0E014634BA}.Debug|x64.Build.0 = Debug|x64
		{6E3D5A3A-160F-3844-88C7-3F0E014634BA}.Release|x64.ActiveCfg = Release|x64
		{6E3D5A3A-160F-3844-88C7-3F0E014634BA}.Release|x64.Build.0 = Release|x64
		{6E3D5A3A-160F-3844-88C7-3F0E014634BA}.MinSizeRel|x64.ActiveCfg = MinSizeRel|x64
		{6E3D5A3A-160F-3844-88C7-3F0E014634BA}.MinSizeRel|x64.Build.0 = MinSizeRel|x64
		{6E3D5A3A-160F-3844-88C7-3F0E014634BA}.RelWithDebInfo|x64.ActiveCfg = RelWithDebInfo|x64
		{6E3D5A3A-160F-3844-88C7-3F0E014634BA}.RelWithDebInfo|x64.Build.0 = RelWithDebInfo|x64
		{6D310576-0507-3325-9121-636E3059869E}.Debug|x64.ActiveCfg = Debug|x64
		{6D310576-0507-3325-9121-636E3059869E}.Debug|x64.Build.0 = Debug|x64
		{6D310576-0507-3325-9121-636E3059869E}.Release|x64.ActiveCfg = Release|x64
		{6D310576-0507-3325-9121-636E3059869E}.Release|x64.Build.0 = Release|x64
		{6D310576-0507-3325-9121-636E3059869E}.MinSizeRel|x64.ActiveCfg = MinSizeRel|x64
		{6D310576-0507-3325-9121-636E3059869E}.MinSizeRel|x64.Build.0 = MinSizeRel|x64
		{6D310576-0507-3325-9121-636E3059869E}.RelWithDebInfo|x64.ActiveCfg = RelWithDebInfo|x64
		{6D310576-0507-3325-9121-636E3059869E}.RelWithDebInfo|x64.Build.0 = RelWithDebInfo|x64
		{DF897F77-1A06-3CF2-8380-2E245C7E061D}.Debug|x64.ActiveCfg = Debug|x64
		{DF897F77-1A06-3CF2-8380-2E245C7E061D}.Debug|x64.Build.0 = Debug|x64
		{DF897F77-1A06-3CF2-8380-2E245C7E061D}.Release|x64.ActiveCfg = Release|x64
		{DF897F77-1A06-3CF2-8380-2E245C7E061D}.Release|x64.Build.0 = Release|x64
		{DF897F77-1A06-3CF2-8380-2E245C7E061D}.MinSizeRel|x64.ActiveCfg = MinSizeRel|x64
		{DF897F77-1A06-3CF2-8380-2E245C7E061D}.MinSizeRel|x64.Build.0 = MinSizeRel|x64
		{DF897F77-1A06-3CF2-8380-2E245C7E061D}.RelWithDebInfo|x64.ActiveCfg = RelWithDebInfo|x64
		{DF897F77-1A06-3CF2-8380-2E245C7E061D}.RelWithDebInfo|x64.Build.0 = RelWithDebInfo|x64
	EndGlobalSection
	GlobalSection(NestedProjects) = preSolution
		{AEE3FD4C-E885-3139-847C-D0B2169FF6BC} = {631EE651-BE4A-3B1B-B5B8-E13D4811D461}
		{6AFD71B1-9A46-3B78-BCA8-2AC259336B50} = {631EE651-BE4A-3B1B-B5B8-E13D4811D461}
		{888553B9-97E9-3AAD-8EDA-3F313590D49A} = {631EE651-BE4A-3B1B-B5B8-E13D4811D461}
		{6C049754-F2DD-36D0-8F08-416A0730414B} = {631EE651-BE4A-3B1B-B5B8-E13D4811D461}
		{3326578B-5643-3501-B31B-5BA4D84978A5} = {2DC6358B-5F00-3A5F-86B6-0066E849CCBB}
		{95CC9FCB-AB09-3A87-916A-A034F5A9DAE8} = {2DC6358B-5F00-3A5F-86B6-0066E849CCBB}
		{F7497AB9-9861-30CD-9745-034485E97A07} = {2DC6358B-5F00-3A5F-86B6-0066E849CCBB}
		{2DE6D1A5-A039-3621-8952-C28F1532BA47} = {2DC6358B-5F00-3A5F-86B6-0066E849CCBB}
		{4D70C779-45CB-39E1-BD2F-4270207EF1C0} = {5DBC1BBA-F20D-32B7-9330-0E9957B09458}
		{0FFFC47F-AEB6-3936-8BE6-6999153100D1} = {5DBC1BBA-F20D-32B7-9330-0E9957B09458}
		{333E6ECF-A2A6-3F5A-B217-ED77CAC969F7} = {5DBC1BBA-F20D-32B7-9330-0E9957B09458}
		{88F8E15C-FAD5-3957-AE77-CF5352440DCD} = {5DBC1BBA-F20D-32B7-9330-0E9957B09458}
		{13B6DF72-47FC-30F2-AF89-03A36B66A406} = {5DBC1BBA-F20D-32B7-9330-0E9957B09458}
		{74382A7F-BB39-3070-A823-EFCB66A63E98} = {5DBC1BBA-F20D-32B7-9330-0E9957B09458}
		{363E1922-17AD-3294-A37B-47357A29FEB1} = {5DBC1BBA-F20D-32B7-9330-0E9957B09458}
		{15B2CE61-79FF-3B6E-8503-DF13D5B5C6BB} = {5DBC1BBA-F20D-32B7-9330-0E9957B09458}
		{47F68E7D-582D-3555-8773-2DE5AC1CC0A0} = {5DBC1BBA-F20D-32B7-9330-0E9957B09458}
		{D624CF14-EF58-3F7C-865D-97534ABB6E52} = {BA2111CA-AC6F-32F9-AD39-7E9AB5991727}
		{76BBF921-E07D-3E8E-8659-2B95749B16CC} = {BA2111CA-AC6F-32F9-AD39-7E9AB5991727}
		{FD8BA27A-6CC1-3750-BE4D-F376B49B2501} = {BA2111CA-AC6F-32F9-AD39-7E9AB5991727}
		{55BBE3EA-372D-347B-BE8E-5F316B881287} = {BA2111CA-AC6F-32F9-AD39-7E9AB5991727}
		{BB64DDEC-8837-3577-9418-15D3FAA9C7BE} = {2ABE6BC3-61BF-3DA3-AC24-A0193DE570AA}
		{A67E702C-9663-34A7-8C35-EC7AF5CEFA0A} = {2ABE6BC3-61BF-3DA3-AC24-A0193DE570AA}
		{D6A74A0F-9091-378E-9BBC-BA15733E7470} = {2ABE6BC3-61BF-3DA3-AC24-A0193DE570AA}
		{D518EC54-C93F-314B-B4A9-DDD0ECA9ED52} = {2ABE6BC3-61BF-3DA3-AC24-A0193DE570AA}
		{D555B66F-CA7F-3153-9D39-EC5B0E94F840} = {2ABE6BC3-61BF-3DA3-AC24-A0193DE570AA}
		{DBBFB6CE-A4BB-3DC2-9977-FFAF7A3A0E08} = {2ABE6BC3-61BF-3DA3-AC24-A0193DE570AA}
		{A791A62E-1E39-3A98-B060-6348571CBD7E} = {2ABE6BC3-61BF-3DA3-AC24-A0193DE570AA}
		{E33C5D3C-0DB0-397E-A41C-F1AF2FEC0C88} = {2ABE6BC3-61BF-3DA3-AC24-A0193DE570AA}
		{4D2F3A05-F924-3C7C-ADC2-8D0C07723F66} = {2ABE6BC3-61BF-3DA3-AC24-A0193DE570AA}
		{AB85DB3B-ADCB-3D19-AC45-ED012FD8B5FB} = {2ABE6BC3-61BF-3DA3-AC24-A0193DE570AA}
		{0803FBE3-38C7-30AA-9E37-06A682DA1E55} = {2ABE6BC3-61BF-3DA3-AC24-A0193DE570AA}
		{8F9BE2E8-1759-3D5C-B6C9-E3D23F7F9C10} = {2ABE6BC3-61BF-3DA3-AC24-A0193DE570AA}
		{559C4678-DFA7-357B-B31F-7DEDAD1AD696} = {2ABE6BC3-61BF-3DA3-AC24-A0193DE570AA}
		{92F4E00E-04D2-31A4-AEF4-F74A0C3BB9D4} = {2ABE6BC3-61BF-3DA3-AC24-A0193DE570AA}
		{5DAD40A4-07E6-3EBF-AB83-A5BD4FACFA39} = {2ABE6BC3-61BF-3DA3-AC24-A0193DE570AA}
		{1C1C8D2A-BC79-3E1E-B49A-C5E2AE77C93E} = {2ABE6BC3-61BF-3DA3-AC24-A0193DE570AA}
		{11B7BF4E-C071-3023-AD4C-67A061F36502} = {2ABE6BC3-61BF-3DA3-AC24-A0193DE570AA}
		{D3A78F4C-5778-3839-97AB-6117CC37D92B} = {2ABE6BC3-61BF-3DA3-AC24-A0193DE570AA}
		{6E3D5A3A-160F-3844-88C7-3F0E014634BA} = {2ABE6BC3-61BF-3DA3-AC24-A0193DE570AA}
		{DF897F77-1A06-3CF2-8380-2E245C7E061D} = {2ABE6BC3-61BF-3DA3-AC24-A0193DE570AA}
		{B13CC9C4-B082-3554-8180-9FC6F95E279A} = {BB64DDEC-8837-3577-9418-15D3FAA9C7BE}
		{A08A9F59-AE65-397D-8710-04D5FC808425} = {BB64DDEC-8837-3577-9418-15D3FAA9C7BE}
		{23640FA6-8C51-3B8D-A8AA-CD336A27BD03} = {A67E702C-9663-34A7-8C35-EC7AF5CEFA0A}
		{392F30DB-75C0-3708-AF88-1F011FD27EFA} = {A67E702C-9663-34A7-8C35-EC7AF5CEFA0A}
		{A875A103-A95A-3BCC-88BE-5799E1330236} = {D6A74A0F-9091-378E-9BBC-BA15733E7470}
		{58EA7031-45B8-34C5-9173-DD20589C0777} = {D6A74A0F-9091-378E-9BBC-BA15733E7470}
		{F587DD59-5870-308E-A44C-6F0EF73F237E} = {D518EC54-C93F-314B-B4A9-DDD0ECA9ED52}
		{3B2B434B-0430-3559-8AFA-B99B9800598D} = {D518EC54-C93F-314B-B4A9-DDD0ECA9ED52}
		{018DE2FD-9AEA-3604-88D0-7EE21C382E89} = {D518EC54-C93F-314B-B4A9-DDD0ECA9ED52}
		{9F2E59EA-D316-3817-9030-AA95B38B34D3} = {D518EC54-C93F-314B-B4A9-DDD0ECA9ED52}
		{735DADE3-D6BB-331F-B5CD-E326E4708BCA} = {D555B66F-CA7F-3153-9D39-EC5B0E94F840}
		{5D94C61F-CB1E-38C6-BE01-E130521B17E4} = {5A7548F9-ECEC-3D34-B920-36A31D919340}
		{ADB75AE6-EF54-30B7-8B94-6B2C8BD2E1B4} = {5A7548F9-ECEC-3D34-B920-36A31D919340}
		{3C12207E-BC12-34FF-8539-1D6AF7021F55} = {5A7548F9-ECEC-3D34-B920-36A31D919340}
		{7CF4468F-EE97-35E3-9A87-64EA20C16A10} = {6DED5EEB-1D4E-3298-947B-4394CEC9BA63}
		{6D310576-0507-3325-9121-636E3059869E} = {6DED5EEB-1D4E-3298-947B-4394CEC9BA63}
	EndGlobalSection
	GlobalSection(ExtensibilityGlobals) = postSolution
		SolutionGuid = {2C072642-E8DA-3786-9167-0EDF9909DB9C}
	EndGlobalSection
	GlobalSection(ExtensibilityAddIns) = postSolution
	EndGlobalSection
EndGlobal
