<?xml version="1.0" encoding="utf-8"?>
<Project ToolsVersion="16.0" xmlns="http://schemas.microsoft.com/developer/msbuild/2003">
  <ItemGroup>
    <CustomBuild Include="D:\Dev\obs-studio\VSBuild\CMakeFiles\fc50093ce79478d84650cd8816cc63c4\INSTALL_force.rule">
      <Filter>CMake Rules</Filter>
    </CustomBuild>
  </ItemGroup>
  <ItemGroup>
    <Filter Include="CMake Rules">
      <UniqueIdentifier>{D7BCABFB-64F3-38C2-B6E5-72F9592EA5FF}</UniqueIdentifier>
    </Filter>
  </ItemGroup>
</Project>
