<?xml version="1.0" encoding="utf-8"?>
<Project ToolsVersion="16.0" xmlns="http://schemas.microsoft.com/developer/msbuild/2003">
  <ItemGroup>
    <ClCompile Include="D:\Dev\obs-studio\libobs-opengl\gl-windows.c">
      <Filter>Source Files</Filter>
    </ClCompile>
    <ClCompile Include="D:\Dev\obs-studio\libobs-opengl\gl-helpers.c">
      <Filter>Source Files</Filter>
    </ClCompile>
    <ClCompile Include="D:\Dev\obs-studio\libobs-opengl\gl-indexbuffer.c">
      <Filter>Source Files</Filter>
    </ClCompile>
    <ClCompile Include="D:\Dev\obs-studio\libobs-opengl\gl-shader.c">
      <Filter>Source Files</Filter>
    </ClCompile>
    <ClCompile Include="D:\Dev\obs-studio\libobs-opengl\gl-shaderparser.c">
      <Filter>Source Files</Filter>
    </ClCompile>
    <ClCompile Include="D:\Dev\obs-studio\libobs-opengl\gl-stagesurf.c">
      <Filter>Source Files</Filter>
    </ClCompile>
    <ClCompile Include="D:\Dev\obs-studio\libobs-opengl\gl-subsystem.c">
      <Filter>Source Files</Filter>
    </ClCompile>
    <ClCompile Include="D:\Dev\obs-studio\libobs-opengl\gl-texture2d.c">
      <Filter>Source Files</Filter>
    </ClCompile>
    <ClCompile Include="D:\Dev\obs-studio\libobs-opengl\gl-texture3d.c">
      <Filter>Source Files</Filter>
    </ClCompile>
    <ClCompile Include="D:\Dev\obs-studio\libobs-opengl\gl-texturecube.c">
      <Filter>Source Files</Filter>
    </ClCompile>
    <ClCompile Include="D:\Dev\obs-studio\libobs-opengl\gl-vertexbuffer.c">
      <Filter>Source Files</Filter>
    </ClCompile>
    <ClCompile Include="D:\Dev\obs-studio\libobs-opengl\gl-zstencil.c">
      <Filter>Source Files</Filter>
    </ClCompile>
  </ItemGroup>
  <ItemGroup>
    <ClInclude Include="D:\Dev\obs-studio\libobs-opengl\gl-helpers.h">
      <Filter>Header Files</Filter>
    </ClInclude>
    <ClInclude Include="D:\Dev\obs-studio\libobs-opengl\gl-shaderparser.h">
      <Filter>Header Files</Filter>
    </ClInclude>
    <ClInclude Include="D:\Dev\obs-studio\libobs-opengl\gl-subsystem.h">
      <Filter>Header Files</Filter>
    </ClInclude>
  </ItemGroup>
  <ItemGroup>
    <CustomBuild Include="D:\Dev\obs-studio\libobs-opengl\CMakeLists.txt" />
  </ItemGroup>
  <ItemGroup>
    <ResourceCompile Include="D:\Dev\obs-studio\VSBuild\libobs-opengl\libobs-opengl.rc">
      <Filter>Source Files</Filter>
    </ResourceCompile>
  </ItemGroup>
  <ItemGroup>
    <Filter Include="Header Files">
      <UniqueIdentifier>{642B901A-8DD5-3FB4-BC37-A026A6CA411B}</UniqueIdentifier>
    </Filter>
    <Filter Include="Source Files">
      <UniqueIdentifier>{EA418387-7A35-3229-A9CD-27B76832248D}</UniqueIdentifier>
    </Filter>
  </ItemGroup>
</Project>
