<?xml version="1.0" encoding="utf-8"?>
<Project ToolsVersion="16.0" xmlns="http://schemas.microsoft.com/developer/msbuild/2003">
  <ItemGroup>
    <ClCompile Include="D:\Dev\obs-studio\VSBuild\libobs-winrt\CMakeFiles\libobs-winrt.dir\cmake_pch.cxx">
      <Filter>Source Files</Filter>
    </ClCompile>
    <ClCompile Include="D:\Dev\obs-studio\libobs-winrt\winrt-capture.cpp">
      <Filter>Source Files</Filter>
    </ClCompile>
    <ClCompile Include="D:\Dev\obs-studio\libobs-winrt\winrt-dispatch.cpp">
      <Filter>Source Files</Filter>
    </ClCompile>
  </ItemGroup>
  <ItemGroup>
    <ClInclude Include="D:\Dev\obs-studio\libobs-winrt\winrt-capture.h">
      <Filter>Header Files</Filter>
    </ClInclude>
    <ClInclude Include="D:\Dev\obs-studio\libobs-winrt\winrt-dispatch.h">
      <Filter>Header Files</Filter>
    </ClInclude>
    <ClInclude Include="D:\Dev\obs-studio\VSBuild\libobs-winrt\CMakeFiles\libobs-winrt.dir\Debug\cmake_pch.hxx">
      <Filter>Precompile Header File</Filter>
    </ClInclude>
    <ClInclude Include="D:\Dev\obs-studio\VSBuild\libobs-winrt\CMakeFiles\libobs-winrt.dir\Release\cmake_pch.hxx">
      <Filter>Precompile Header File</Filter>
    </ClInclude>
    <ClInclude Include="D:\Dev\obs-studio\VSBuild\libobs-winrt\CMakeFiles\libobs-winrt.dir\MinSizeRel\cmake_pch.hxx">
      <Filter>Precompile Header File</Filter>
    </ClInclude>
    <ClInclude Include="D:\Dev\obs-studio\VSBuild\libobs-winrt\CMakeFiles\libobs-winrt.dir\RelWithDebInfo\cmake_pch.hxx">
      <Filter>Precompile Header File</Filter>
    </ClInclude>
  </ItemGroup>
  <ItemGroup>
    <CustomBuild Include="D:\Dev\obs-studio\libobs-winrt\CMakeLists.txt" />
  </ItemGroup>
  <ItemGroup>
    <Filter Include="Header Files">
      <UniqueIdentifier>{642B901A-8DD5-3FB4-BC37-A026A6CA411B}</UniqueIdentifier>
    </Filter>
    <Filter Include="Precompile Header File">
      <UniqueIdentifier>{8C699699-ABC3-33CB-B9A9-DB9761E3EFAB}</UniqueIdentifier>
    </Filter>
    <Filter Include="Source Files">
      <UniqueIdentifier>{EA418387-7A35-3229-A9CD-27B76832248D}</UniqueIdentifier>
    </Filter>
  </ItemGroup>
</Project>
