
Microsoft Visual Studio Solution File, Format Version 12.00
# Visual Studio Version 16
Project("{2150E333-8FDC-42A3-9474-1A3956D46DE8}") = "CMakePredefinedTargets", "CMakePredefinedTargets", "{631EE651-BE4A-3B1B-B5B8-E13D4811D461}"
EndProject
Project("{2150E333-8FDC-42A3-9474-1A3956D46DE8}") = "core", "core", "{2DC6358B-5F00-3A5F-86B6-0066E849CCBB}"
EndProject
Project("{2150E333-8FDC-42A3-9474-1A3956D46DE8}") = "deps", "deps", "{5DBC1BBA-F20D-32B7-9330-0E9957B09458}"
EndProject
Project("{2150E333-8FDC-42A3-9474-1A3956D46DE8}") = "frontend", "frontend", "{BA2111CA-AC6F-32F9-AD39-7E9AB5991727}"
EndProject
Project("{2150E333-8FDC-42A3-9474-1A3956D46DE8}") = "plugins", "plugins", "{2ABE6BC3-61BF-3DA3-AC24-A0193DE570AA}"
EndProject
Project("{2150E333-8FDC-42A3-9474-1A3956D46DE8}") = "decklink", "plugins\decklink", "{BB64DDEC-8837-3577-9418-15D3FAA9C7BE}"
EndProject
Project("{2150E333-8FDC-42A3-9474-1A3956D46DE8}") = "scripting", "scripting", "{5A7548F9-ECEC-3D34-B920-36A31D919340}"
EndProject
Project("{8BC9CEB8-8B4A-11D0-8D11-00A0C91BC942}") = "ALL_BUILD", "ALL_BUILD.vcxproj", "{AEE3FD4C-E885-3139-847C-D0B2169FF6BC}"
	ProjectSection(ProjectDependencies) = postProject
		{6C049754-F2DD-36D0-8F08-416A0730414B} = {6C049754-F2DD-36D0-8F08-416A0730414B}
		{B13CC9C4-B082-3554-8180-9FC6F95E279A} = {B13CC9C4-B082-3554-8180-9FC6F95E279A}
		{D624CF14-EF58-3F7C-865D-97534ABB6E52} = {D624CF14-EF58-3F7C-865D-97534ABB6E52}
		{76BBF921-E07D-3E8E-8659-2B95749B16CC} = {76BBF921-E07D-3E8E-8659-2B95749B16CC}
		{FD8BA27A-6CC1-3750-BE4D-F376B49B2501} = {FD8BA27A-6CC1-3750-BE4D-F376B49B2501}
		{55BBE3EA-372D-347B-BE8E-5F316B881287} = {55BBE3EA-372D-347B-BE8E-5F316B881287}
	EndProjectSection
EndProject
Project("{8BC9CEB8-8B4A-11D0-8D11-00A0C91BC942}") = "INSTALL", "INSTALL.vcxproj", "{6AFD71B1-9A46-3B78-BCA8-2AC259336B50}"
	ProjectSection(ProjectDependencies) = postProject
		{AEE3FD4C-E885-3139-847C-D0B2169FF6BC} = {AEE3FD4C-E885-3139-847C-D0B2169FF6BC}
		{6C049754-F2DD-36D0-8F08-416A0730414B} = {6C049754-F2DD-36D0-8F08-416A0730414B}
	EndProjectSection
EndProject
Project("{8BC9CEB8-8B4A-11D0-8D11-00A0C91BC942}") = "PACKAGE", "PACKAGE.vcxproj", "{888553B9-97E9-3AAD-8EDA-3F313590D49A}"
	ProjectSection(ProjectDependencies) = postProject
		{AEE3FD4C-E885-3139-847C-D0B2169FF6BC} = {AEE3FD4C-E885-3139-847C-D0B2169FF6BC}
		{6C049754-F2DD-36D0-8F08-416A0730414B} = {6C049754-F2DD-36D0-8F08-416A0730414B}
	EndProjectSection
EndProject
Project("{8BC9CEB8-8B4A-11D0-8D11-00A0C91BC942}") = "ZERO_CHECK", "..\\ZERO_CHECK.vcxproj", "{6C049754-F2DD-36D0-8F08-416A0730414B}"
	ProjectSection(ProjectDependencies) = postProject
	EndProjectSection
EndProject
Project("{8BC9CEB8-8B4A-11D0-8D11-00A0C91BC942}") = "blake2", "..\deps\blake2\blake2.vcxproj", "{4D70C779-45CB-39E1-BD2F-4270207EF1C0}"
	ProjectSection(ProjectDependencies) = postProject
		{6C049754-F2DD-36D0-8F08-416A0730414B} = {6C049754-F2DD-36D0-8F08-416A0730414B}
	EndProjectSection
EndProject
Project("{8BC9CEB8-8B4A-11D0-8D11-00A0C91BC942}") = "caption", "..\deps\libcaption\caption.vcxproj", "{0FFFC47F-AEB6-3936-8BE6-6999153100D1}"
	ProjectSection(ProjectDependencies) = postProject
		{6C049754-F2DD-36D0-8F08-416A0730414B} = {6C049754-F2DD-36D0-8F08-416A0730414B}
	EndProjectSection
EndProject
Project("{8BC9CEB8-8B4A-11D0-8D11-00A0C91BC942}") = "decklink-captions", "frontend-plugins\decklink-captions\decklink-captions.vcxproj", "{B13CC9C4-B082-3554-8180-9FC6F95E279A}"
	ProjectSection(ProjectDependencies) = postProject
		{6C049754-F2DD-36D0-8F08-416A0730414B} = {6C049754-F2DD-36D0-8F08-416A0730414B}
		{3326578B-5643-3501-B31B-5BA4D84978A5} = {3326578B-5643-3501-B31B-5BA4D84978A5}
		{55BBE3EA-372D-347B-BE8E-5F316B881287} = {55BBE3EA-372D-347B-BE8E-5F316B881287}
	EndProjectSection
EndProject
Project("{8BC9CEB8-8B4A-11D0-8D11-00A0C91BC942}") = "decklink-ouput-ui", "frontend-plugins\decklink-output-ui\decklink-ouput-ui.vcxproj", "{D624CF14-EF58-3F7C-865D-97534ABB6E52}"
	ProjectSection(ProjectDependencies) = postProject
		{6C049754-F2DD-36D0-8F08-416A0730414B} = {6C049754-F2DD-36D0-8F08-416A0730414B}
		{3326578B-5643-3501-B31B-5BA4D84978A5} = {3326578B-5643-3501-B31B-5BA4D84978A5}
		{55BBE3EA-372D-347B-BE8E-5F316B881287} = {55BBE3EA-372D-347B-BE8E-5F316B881287}
	EndProjectSection
EndProject
Project("{8BC9CEB8-8B4A-11D0-8D11-00A0C91BC942}") = "frontend-tools", "frontend-plugins\frontend-tools\frontend-tools.vcxproj", "{76BBF921-E07D-3E8E-8659-2B95749B16CC}"
	ProjectSection(ProjectDependencies) = postProject
		{6C049754-F2DD-36D0-8F08-416A0730414B} = {6C049754-F2DD-36D0-8F08-416A0730414B}
		{3326578B-5643-3501-B31B-5BA4D84978A5} = {3326578B-5643-3501-B31B-5BA4D84978A5}
		{55BBE3EA-372D-347B-BE8E-5F316B881287} = {55BBE3EA-372D-347B-BE8E-5F316B881287}
		{ADB75AE6-EF54-30B7-8B94-6B2C8BD2E1B4} = {ADB75AE6-EF54-30B7-8B94-6B2C8BD2E1B4}
		{47F68E7D-582D-3555-8773-2DE5AC1CC0A0} = {47F68E7D-582D-3555-8773-2DE5AC1CC0A0}
	EndProjectSection
EndProject
Project("{8BC9CEB8-8B4A-11D0-8D11-00A0C91BC942}") = "jansson", "..\deps\jansson\jansson.vcxproj", "{74382A7F-BB39-3070-A823-EFCB66A63E98}"
	ProjectSection(ProjectDependencies) = postProject
		{6C049754-F2DD-36D0-8F08-416A0730414B} = {6C049754-F2DD-36D0-8F08-416A0730414B}
	EndProjectSection
EndProject
Project("{8BC9CEB8-8B4A-11D0-8D11-00A0C91BC942}") = "libobs", "..\libobs\libobs.vcxproj", "{3326578B-5643-3501-B31B-5BA4D84978A5}"
	ProjectSection(ProjectDependencies) = postProject
		{6C049754-F2DD-36D0-8F08-416A0730414B} = {6C049754-F2DD-36D0-8F08-416A0730414B}
		{0FFFC47F-AEB6-3936-8BE6-6999153100D1} = {0FFFC47F-AEB6-3936-8BE6-6999153100D1}
		{74382A7F-BB39-3070-A823-EFCB66A63E98} = {74382A7F-BB39-3070-A823-EFCB66A63E98}
		{47F68E7D-582D-3555-8773-2DE5AC1CC0A0} = {47F68E7D-582D-3555-8773-2DE5AC1CC0A0}
	EndProjectSection
EndProject
Project("{8BC9CEB8-8B4A-11D0-8D11-00A0C91BC942}") = "obs", "obs.vcxproj", "{FD8BA27A-6CC1-3750-BE4D-F376B49B2501}"
	ProjectSection(ProjectDependencies) = postProject
		{6C049754-F2DD-36D0-8F08-416A0730414B} = {6C049754-F2DD-36D0-8F08-416A0730414B}
		{4D70C779-45CB-39E1-BD2F-4270207EF1C0} = {4D70C779-45CB-39E1-BD2F-4270207EF1C0}
		{3326578B-5643-3501-B31B-5BA4D84978A5} = {3326578B-5643-3501-B31B-5BA4D84978A5}
		{55BBE3EA-372D-347B-BE8E-5F316B881287} = {55BBE3EA-372D-347B-BE8E-5F316B881287}
		{47F68E7D-582D-3555-8773-2DE5AC1CC0A0} = {47F68E7D-582D-3555-8773-2DE5AC1CC0A0}
	EndProjectSection
EndProject
Project("{8BC9CEB8-8B4A-11D0-8D11-00A0C91BC942}") = "obs-frontend-api", "obs-frontend-api\obs-frontend-api.vcxproj", "{55BBE3EA-372D-347B-BE8E-5F316B881287}"
	ProjectSection(ProjectDependencies) = postProject
		{6C049754-F2DD-36D0-8F08-416A0730414B} = {6C049754-F2DD-36D0-8F08-416A0730414B}
		{3326578B-5643-3501-B31B-5BA4D84978A5} = {3326578B-5643-3501-B31B-5BA4D84978A5}
	EndProjectSection
EndProject
Project("{8BC9CEB8-8B4A-11D0-8D11-00A0C91BC942}") = "obs-scripting", "..\deps\obs-scripting\obs-scripting.vcxproj", "{ADB75AE6-EF54-30B7-8B94-6B2C8BD2E1B4}"
	ProjectSection(ProjectDependencies) = postProject
		{6C049754-F2DD-36D0-8F08-416A0730414B} = {6C049754-F2DD-36D0-8F08-416A0730414B}
		{3326578B-5643-3501-B31B-5BA4D84978A5} = {3326578B-5643-3501-B31B-5BA4D84978A5}
		{55BBE3EA-372D-347B-BE8E-5F316B881287} = {55BBE3EA-372D-347B-BE8E-5F316B881287}
		{47F68E7D-582D-3555-8773-2DE5AC1CC0A0} = {47F68E7D-582D-3555-8773-2DE5AC1CC0A0}
	EndProjectSection
EndProject
Project("{8BC9CEB8-8B4A-11D0-8D11-00A0C91BC942}") = "w32-pthreads", "..\deps\w32-pthreads\w32-pthreads.vcxproj", "{47F68E7D-582D-3555-8773-2DE5AC1CC0A0}"
	ProjectSection(ProjectDependencies) = postProject
		{6C049754-F2DD-36D0-8F08-416A0730414B} = {6C049754-F2DD-36D0-8F08-416A0730414B}
	EndProjectSection
EndProject
Global
	GlobalSection(SolutionConfigurationPlatforms) = preSolution
		Debug|x64 = Debug|x64
		Release|x64 = Release|x64
		MinSizeRel|x64 = MinSizeRel|x64
		RelWithDebInfo|x64 = RelWithDebInfo|x64
	EndGlobalSection
	GlobalSection(ProjectConfigurationPlatforms) = postSolution
		{AEE3FD4C-E885-3139-847C-D0B2169FF6BC}.Debug|x64.ActiveCfg = Debug|x64
		{AEE3FD4C-E885-3139-847C-D0B2169FF6BC}.Debug|x64.Build.0 = Debug|x64
		{AEE3FD4C-E885-3139-847C-D0B2169FF6BC}.Release|x64.ActiveCfg = Release|x64
		{AEE3FD4C-E885-3139-847C-D0B2169FF6BC}.Release|x64.Build.0 = Release|x64
		{AEE3FD4C-E885-3139-847C-D0B2169FF6BC}.MinSizeRel|x64.ActiveCfg = MinSizeRel|x64
		{AEE3FD4C-E885-3139-847C-D0B2169FF6BC}.MinSizeRel|x64.Build.0 = MinSizeRel|x64
		{AEE3FD4C-E885-3139-847C-D0B2169FF6BC}.RelWithDebInfo|x64.ActiveCfg = RelWithDebInfo|x64
		{AEE3FD4C-E885-3139-847C-D0B2169FF6BC}.RelWithDebInfo|x64.Build.0 = RelWithDebInfo|x64
		{6AFD71B1-9A46-3B78-BCA8-2AC259336B50}.Debug|x64.ActiveCfg = Debug|x64
		{6AFD71B1-9A46-3B78-BCA8-2AC259336B50}.Release|x64.ActiveCfg = Release|x64
		{6AFD71B1-9A46-3B78-BCA8-2AC259336B50}.MinSizeRel|x64.ActiveCfg = MinSizeRel|x64
		{6AFD71B1-9A46-3B78-BCA8-2AC259336B50}.RelWithDebInfo|x64.ActiveCfg = RelWithDebInfo|x64
		{888553B9-97E9-3AAD-8EDA-3F313590D49A}.Debug|x64.ActiveCfg = Debug|x64
		{888553B9-97E9-3AAD-8EDA-3F313590D49A}.Release|x64.ActiveCfg = Release|x64
		{888553B9-97E9-3AAD-8EDA-3F313590D49A}.MinSizeRel|x64.ActiveCfg = MinSizeRel|x64
		{888553B9-97E9-3AAD-8EDA-3F313590D49A}.RelWithDebInfo|x64.ActiveCfg = RelWithDebInfo|x64
		{6C049754-F2DD-36D0-8F08-416A0730414B}.Debug|x64.ActiveCfg = Debug|x64
		{6C049754-F2DD-36D0-8F08-416A0730414B}.Debug|x64.Build.0 = Debug|x64
		{6C049754-F2DD-36D0-8F08-416A0730414B}.Release|x64.ActiveCfg = Release|x64
		{6C049754-F2DD-36D0-8F08-416A0730414B}.Release|x64.Build.0 = Release|x64
		{6C049754-F2DD-36D0-8F08-416A0730414B}.MinSizeRel|x64.ActiveCfg = MinSizeRel|x64
		{6C049754-F2DD-36D0-8F08-416A0730414B}.MinSizeRel|x64.Build.0 = MinSizeRel|x64
		{6C049754-F2DD-36D0-8F08-416A0730414B}.RelWithDebInfo|x64.ActiveCfg = RelWithDebInfo|x64
		{6C049754-F2DD-36D0-8F08-416A0730414B}.RelWithDebInfo|x64.Build.0 = RelWithDebInfo|x64
		{4D70C779-45CB-39E1-BD2F-4270207EF1C0}.Debug|x64.ActiveCfg = Debug|x64
		{4D70C779-45CB-39E1-BD2F-4270207EF1C0}.Debug|x64.Build.0 = Debug|x64
		{4D70C779-45CB-39E1-BD2F-4270207EF1C0}.Release|x64.ActiveCfg = Release|x64
		{4D70C779-45CB-39E1-BD2F-4270207EF1C0}.Release|x64.Build.0 = Release|x64
		{4D70C779-45CB-39E1-BD2F-4270207EF1C0}.MinSizeRel|x64.ActiveCfg = MinSizeRel|x64
		{4D70C779-45CB-39E1-BD2F-4270207EF1C0}.MinSizeRel|x64.Build.0 = MinSizeRel|x64
		{4D70C779-45CB-39E1-BD2F-4270207EF1C0}.RelWithDebInfo|x64.ActiveCfg = RelWithDebInfo|x64
		{4D70C779-45CB-39E1-BD2F-4270207EF1C0}.RelWithDebInfo|x64.Build.0 = RelWithDebInfo|x64
		{0FFFC47F-AEB6-3936-8BE6-6999153100D1}.Debug|x64.ActiveCfg = Debug|x64
		{0FFFC47F-AEB6-3936-8BE6-6999153100D1}.Debug|x64.Build.0 = Debug|x64
		{0FFFC47F-AEB6-3936-8BE6-6999153100D1}.Release|x64.ActiveCfg = Release|x64
		{0FFFC47F-AEB6-3936-8BE6-6999153100D1}.Release|x64.Build.0 = Release|x64
		{0FFFC47F-AEB6-3936-8BE6-6999153100D1}.MinSizeRel|x64.ActiveCfg = MinSizeRel|x64
		{0FFFC47F-AEB6-3936-8BE6-6999153100D1}.MinSizeRel|x64.Build.0 = MinSizeRel|x64
		{0FFFC47F-AEB6-3936-8BE6-6999153100D1}.RelWithDebInfo|x64.ActiveCfg = RelWithDebInfo|x64
		{0FFFC47F-AEB6-3936-8BE6-6999153100D1}.RelWithDebInfo|x64.Build.0 = RelWithDebInfo|x64
		{B13CC9C4-B082-3554-8180-9FC6F95E279A}.Debug|x64.ActiveCfg = Debug|x64
		{B13CC9C4-B082-3554-8180-9FC6F95E279A}.Debug|x64.Build.0 = Debug|x64
		{B13CC9C4-B082-3554-8180-9FC6F95E279A}.Release|x64.ActiveCfg = Release|x64
		{B13CC9C4-B082-3554-8180-9FC6F95E279A}.Release|x64.Build.0 = Release|x64
		{B13CC9C4-B082-3554-8180-9FC6F95E279A}.MinSizeRel|x64.ActiveCfg = MinSizeRel|x64
		{B13CC9C4-B082-3554-8180-9FC6F95E279A}.MinSizeRel|x64.Build.0 = MinSizeRel|x64
		{B13CC9C4-B082-3554-8180-9FC6F95E279A}.RelWithDebInfo|x64.ActiveCfg = RelWithDebInfo|x64
		{B13CC9C4-B082-3554-8180-9FC6F95E279A}.RelWithDebInfo|x64.Build.0 = RelWithDebInfo|x64
		{D624CF14-EF58-3F7C-865D-97534ABB6E52}.Debug|x64.ActiveCfg = Debug|x64
		{D624CF14-EF58-3F7C-865D-97534ABB6E52}.Debug|x64.Build.0 = Debug|x64
		{D624CF14-EF58-3F7C-865D-97534ABB6E52}.Release|x64.ActiveCfg = Release|x64
		{D624CF14-EF58-3F7C-865D-97534ABB6E52}.Release|x64.Build.0 = Release|x64
		{D624CF14-EF58-3F7C-865D-97534ABB6E52}.MinSizeRel|x64.ActiveCfg = MinSizeRel|x64
		{D624CF14-EF58-3F7C-865D-97534ABB6E52}.MinSizeRel|x64.Build.0 = MinSizeRel|x64
		{D624CF14-EF58-3F7C-865D-97534ABB6E52}.RelWithDebInfo|x64.ActiveCfg = RelWithDebInfo|x64
		{D624CF14-EF58-3F7C-865D-97534ABB6E52}.RelWithDebInfo|x64.Build.0 = RelWithDebInfo|x64
		{76BBF921-E07D-3E8E-8659-2B95749B16CC}.Debug|x64.ActiveCfg = Debug|x64
		{76BBF921-E07D-3E8E-8659-2B95749B16CC}.Debug|x64.Build.0 = Debug|x64
		{76BBF921-E07D-3E8E-8659-2B95749B16CC}.Release|x64.ActiveCfg = Release|x64
		{76BBF921-E07D-3E8E-8659-2B95749B16CC}.Release|x64.Build.0 = Release|x64
		{76BBF921-E07D-3E8E-8659-2B95749B16CC}.MinSizeRel|x64.ActiveCfg = MinSizeRel|x64
		{76BBF921-E07D-3E8E-8659-2B95749B16CC}.MinSizeRel|x64.Build.0 = MinSizeRel|x64
		{76BBF921-E07D-3E8E-8659-2B95749B16CC}.RelWithDebInfo|x64.ActiveCfg = RelWithDebInfo|x64
		{76BBF921-E07D-3E8E-8659-2B95749B16CC}.RelWithDebInfo|x64.Build.0 = RelWithDebInfo|x64
		{74382A7F-BB39-3070-A823-EFCB66A63E98}.Debug|x64.ActiveCfg = Debug|x64
		{74382A7F-BB39-3070-A823-EFCB66A63E98}.Debug|x64.Build.0 = Debug|x64
		{74382A7F-BB39-3070-A823-EFCB66A63E98}.Release|x64.ActiveCfg = Release|x64
		{74382A7F-BB39-3070-A823-EFCB66A63E98}.Release|x64.Build.0 = Release|x64
		{74382A7F-BB39-3070-A823-EFCB66A63E98}.MinSizeRel|x64.ActiveCfg = MinSizeRel|x64
		{74382A7F-BB39-3070-A823-EFCB66A63E98}.MinSizeRel|x64.Build.0 = MinSizeRel|x64
		{74382A7F-BB39-3070-A823-EFCB66A63E98}.RelWithDebInfo|x64.ActiveCfg = RelWithDebInfo|x64
		{74382A7F-BB39-3070-A823-EFCB66A63E98}.RelWithDebInfo|x64.Build.0 = RelWithDebInfo|x64
		{3326578B-5643-3501-B31B-5BA4D84978A5}.Debug|x64.ActiveCfg = Debug|x64
		{3326578B-5643-3501-B31B-5BA4D84978A5}.Debug|x64.Build.0 = Debug|x64
		{3326578B-5643-3501-B31B-5BA4D84978A5}.Release|x64.ActiveCfg = Release|x64
		{3326578B-5643-3501-B31B-5BA4D84978A5}.Release|x64.Build.0 = Release|x64
		{3326578B-5643-3501-B31B-5BA4D84978A5}.MinSizeRel|x64.ActiveCfg = MinSizeRel|x64
		{3326578B-5643-3501-B31B-5BA4D84978A5}.MinSizeRel|x64.Build.0 = MinSizeRel|x64
		{3326578B-5643-3501-B31B-5BA4D84978A5}.RelWithDebInfo|x64.ActiveCfg = RelWithDebInfo|x64
		{3326578B-5643-3501-B31B-5BA4D84978A5}.RelWithDebInfo|x64.Build.0 = RelWithDebInfo|x64
		{FD8BA27A-6CC1-3750-BE4D-F376B49B2501}.Debug|x64.ActiveCfg = Debug|x64
		{FD8BA27A-6CC1-3750-BE4D-F376B49B2501}.Debug|x64.Build.0 = Debug|x64
		{FD8BA27A-6CC1-3750-BE4D-F376B49B2501}.Release|x64.ActiveCfg = Release|x64
		{FD8BA27A-6CC1-3750-BE4D-F376B49B2501}.Release|x64.Build.0 = Release|x64
		{FD8BA27A-6CC1-3750-BE4D-F376B49B2501}.MinSizeRel|x64.ActiveCfg = MinSizeRel|x64
		{FD8BA27A-6CC1-3750-BE4D-F376B49B2501}.MinSizeRel|x64.Build.0 = MinSizeRel|x64
		{FD8BA27A-6CC1-3750-BE4D-F376B49B2501}.RelWithDebInfo|x64.ActiveCfg = RelWithDebInfo|x64
		{FD8BA27A-6CC1-3750-BE4D-F376B49B2501}.RelWithDebInfo|x64.Build.0 = RelWithDebInfo|x64
		{55BBE3EA-372D-347B-BE8E-5F316B881287}.Debug|x64.ActiveCfg = Debug|x64
		{55BBE3EA-372D-347B-BE8E-5F316B881287}.Debug|x64.Build.0 = Debug|x64
		{55BBE3EA-372D-347B-BE8E-5F316B881287}.Release|x64.ActiveCfg = Release|x64
		{55BBE3EA-372D-347B-BE8E-5F316B881287}.Release|x64.Build.0 = Release|x64
		{55BBE3EA-372D-347B-BE8E-5F316B881287}.MinSizeRel|x64.ActiveCfg = MinSizeRel|x64
		{55BBE3EA-372D-347B-BE8E-5F316B881287}.MinSizeRel|x64.Build.0 = MinSizeRel|x64
		{55BBE3EA-372D-347B-BE8E-5F316B881287}.RelWithDebInfo|x64.ActiveCfg = RelWithDebInfo|x64
		{55BBE3EA-372D-347B-BE8E-5F316B881287}.RelWithDebInfo|x64.Build.0 = RelWithDebInfo|x64
		{ADB75AE6-EF54-30B7-8B94-6B2C8BD2E1B4}.Debug|x64.ActiveCfg = Debug|x64
		{ADB75AE6-EF54-30B7-8B94-6B2C8BD2E1B4}.Debug|x64.Build.0 = Debug|x64
		{ADB75AE6-EF54-30B7-8B94-6B2C8BD2E1B4}.Release|x64.ActiveCfg = Release|x64
		{ADB75AE6-EF54-30B7-8B94-6B2C8BD2E1B4}.Release|x64.Build.0 = Release|x64
		{ADB75AE6-EF54-30B7-8B94-6B2C8BD2E1B4}.MinSizeRel|x64.ActiveCfg = MinSizeRel|x64
		{ADB75AE6-EF54-30B7-8B94-6B2C8BD2E1B4}.MinSizeRel|x64.Build.0 = MinSizeRel|x64
		{ADB75AE6-EF54-30B7-8B94-6B2C8BD2E1B4}.RelWithDebInfo|x64.ActiveCfg = RelWithDebInfo|x64
		{ADB75AE6-EF54-30B7-8B94-6B2C8BD2E1B4}.RelWithDebInfo|x64.Build.0 = RelWithDebInfo|x64
		{47F68E7D-582D-3555-8773-2DE5AC1CC0A0}.Debug|x64.ActiveCfg = Debug|x64
		{47F68E7D-582D-3555-8773-2DE5AC1CC0A0}.Debug|x64.Build.0 = Debug|x64
		{47F68E7D-582D-3555-8773-2DE5AC1CC0A0}.Release|x64.ActiveCfg = Release|x64
		{47F68E7D-582D-3555-8773-2DE5AC1CC0A0}.Release|x64.Build.0 = Release|x64
		{47F68E7D-582D-3555-8773-2DE5AC1CC0A0}.MinSizeRel|x64.ActiveCfg = MinSizeRel|x64
		{47F68E7D-582D-3555-8773-2DE5AC1CC0A0}.MinSizeRel|x64.Build.0 = MinSizeRel|x64
		{47F68E7D-582D-3555-8773-2DE5AC1CC0A0}.RelWithDebInfo|x64.ActiveCfg = RelWithDebInfo|x64
		{47F68E7D-582D-3555-8773-2DE5AC1CC0A0}.RelWithDebInfo|x64.Build.0 = RelWithDebInfo|x64
	EndGlobalSection
	GlobalSection(NestedProjects) = preSolution
		{AEE3FD4C-E885-3139-847C-D0B2169FF6BC} = {631EE651-BE4A-3B1B-B5B8-E13D4811D461}
		{6AFD71B1-9A46-3B78-BCA8-2AC259336B50} = {631EE651-BE4A-3B1B-B5B8-E13D4811D461}
		{888553B9-97E9-3AAD-8EDA-3F313590D49A} = {631EE651-BE4A-3B1B-B5B8-E13D4811D461}
		{6C049754-F2DD-36D0-8F08-416A0730414B} = {631EE651-BE4A-3B1B-B5B8-E13D4811D461}
		{3326578B-5643-3501-B31B-5BA4D84978A5} = {2DC6358B-5F00-3A5F-86B6-0066E849CCBB}
		{4D70C779-45CB-39E1-BD2F-4270207EF1C0} = {5DBC1BBA-F20D-32B7-9330-0E9957B09458}
		{0FFFC47F-AEB6-3936-8BE6-6999153100D1} = {5DBC1BBA-F20D-32B7-9330-0E9957B09458}
		{74382A7F-BB39-3070-A823-EFCB66A63E98} = {5DBC1BBA-F20D-32B7-9330-0E9957B09458}
		{47F68E7D-582D-3555-8773-2DE5AC1CC0A0} = {5DBC1BBA-F20D-32B7-9330-0E9957B09458}
		{D624CF14-EF58-3F7C-865D-97534ABB6E52} = {BA2111CA-AC6F-32F9-AD39-7E9AB5991727}
		{76BBF921-E07D-3E8E-8659-2B95749B16CC} = {BA2111CA-AC6F-32F9-AD39-7E9AB5991727}
		{FD8BA27A-6CC1-3750-BE4D-F376B49B2501} = {BA2111CA-AC6F-32F9-AD39-7E9AB5991727}
		{55BBE3EA-372D-347B-BE8E-5F316B881287} = {BA2111CA-AC6F-32F9-AD39-7E9AB5991727}
		{BB64DDEC-8837-3577-9418-15D3FAA9C7BE} = {2ABE6BC3-61BF-3DA3-AC24-A0193DE570AA}
		{B13CC9C4-B082-3554-8180-9FC6F95E279A} = {BB64DDEC-8837-3577-9418-15D3FAA9C7BE}
		{ADB75AE6-EF54-30B7-8B94-6B2C8BD2E1B4} = {5A7548F9-ECEC-3D34-B920-36A31D919340}
	EndGlobalSection
	GlobalSection(ExtensibilityGlobals) = postSolution
		SolutionGuid = {0EA1B6FD-E888-3189-ACFF-8085888A03B9}
	EndGlobalSection
	GlobalSection(ExtensibilityAddIns) = postSolution
	EndGlobalSection
EndGlobal
